// !$*UTF8*$!
{
	archiveVersion = 1;
	classes = {
	};
	objectVersion = 46;
	objects = {

/* Begin PBXBuildFile section */
		59086E9E1E976E8C0069965A /* LYTDNSViewController.m in Sources */ = {isa = PBXBuildFile; fileRef = 59086E9C1E976E8C0069965A /* LYTDNSViewController.m */; };
		59086E9F1E976E8C0069965A /* LYTDNSViewController.xib in Resources */ = {isa = PBXBuildFile; fileRef = 59086E9D1E976E8C0069965A /* LYTDNSViewController.xib */; };
		594C9DF61E964E2100B5C7D3 /* LYTDatabase.m in Sources */ = {isa = PBXBuildFile; fileRef = 594C9DEC1E964E2100B5C7D3 /* LYTDatabase.m */; };
		594C9DF71E964E2100B5C7D3 /* LYTDatabaseAdditions.m in Sources */ = {isa = PBXBuildFile; fileRef = 594C9DEE1E964E2100B5C7D3 /* LYTDatabaseAdditions.m */; };
		594C9DF81E964E2100B5C7D3 /* LYTDatabasePool.m in Sources */ = {isa = PBXBuildFile; fileRef = 594C9DF01E964E2100B5C7D3 /* LYTDatabasePool.m */; };
		594C9DF91E964E2100B5C7D3 /* LYTDatabaseQueue.m in Sources */ = {isa = PBXBuildFile; fileRef = 594C9DF21E964E2100B5C7D3 /* LYTDatabaseQueue.m */; };
		594C9DFA1E964E2100B5C7D3 /* LYTResultSet.m in Sources */ = {isa = PBXBuildFile; fileRef = 594C9DF51E964E2100B5C7D3 /* LYTResultSet.m */; };
		594C9DFC1E964E6300B5C7D3 /* libsqlite3.0.tbd in Frameworks */ = {isa = PBXBuildFile; fileRef = 594C9DFB1E964E6300B5C7D3 /* libsqlite3.0.tbd */; };
		594C9E001E964EF800B5C7D3 /* LYTSDKDataBase.m in Sources */ = {isa = PBXBuildFile; fileRef = 594C9DFF1E964EF800B5C7D3 /* LYTSDKDataBase.m */; };
		594C9E061E9650C000B5C7D3 /* LYTSDKDataBase+LYTServersList.m in Sources */ = {isa = PBXBuildFile; fileRef = 594C9E051E9650C000B5C7D3 /* LYTSDKDataBase+LYTServersList.m */; };
		5966AC831E97230900A5A870 /* TYHBaseViewController.m in Sources */ = {isa = PBXBuildFile; fileRef = 5966AC821E97230900A5A870 /* TYHBaseViewController.m */; };
		5966AC861E9723B000A5A870 /* TYHbaseNavigationVC.m in Sources */ = {isa = PBXBuildFile; fileRef = 5966AC851E9723B000A5A870 /* TYHbaseNavigationVC.m */; };
		5966AC8C1E97241A00A5A870 /* UIImage+Round.m in Sources */ = {isa = PBXBuildFile; fileRef = 5966AC8B1E97241A00A5A870 /* UIImage+Round.m */; };
		5966AC8F1E97242B00A5A870 /* UIImage+GreyImage.m in Sources */ = {isa = PBXBuildFile; fileRef = 5966AC8E1E97242B00A5A870 /* UIImage+GreyImage.m */; };
		5966AC921E97243900A5A870 /* UIColor+TYHColor.m in Sources */ = {isa = PBXBuildFile; fileRef = 5966AC911E97243900A5A870 /* UIColor+TYHColor.m */; };
		5966AC951E97244B00A5A870 /* UIImage+CH.m in Sources */ = {isa = PBXBuildFile; fileRef = 5966AC941E97244B00A5A870 /* UIImage+CH.m */; };
		5966AC9C1E972AE300A5A870 /* LYTNetTraceRoute.m in Sources */ = {isa = PBXBuildFile; fileRef = 5966AC9B1E972AE300A5A870 /* LYTNetTraceRoute.m */; };
		5966ACA01E97390A00A5A870 /* TracerouteViewController2.m in Sources */ = {isa = PBXBuildFile; fileRef = 5966AC9E1E97390A00A5A870 /* TracerouteViewController2.m */; };
		5966ACA11E97390A00A5A870 /* TracerouteViewController2.xib in Resources */ = {isa = PBXBuildFile; fileRef = 5966AC9F1E97390A00A5A870 /* TracerouteViewController2.xib */; };
		59F419E61E949B940080051F /* MainViewController.m in Sources */ = {isa = PBXBuildFile; fileRef = 59F419E51E949B940080051F /* MainViewController.m */; };
		59F419EC1E949BE50080051F /* MainViewCell.m in Sources */ = {isa = PBXBuildFile; fileRef = 59F419EA1E949BE50080051F /* MainViewCell.m */; };
		59F419ED1E949BE50080051F /* MainViewCell.xib in Resources */ = {isa = PBXBuildFile; fileRef = 59F419EB1E949BE50080051F /* MainViewCell.xib */; };
		59F419F01E949D4D0080051F /* MainViewModel.m in Sources */ = {isa = PBXBuildFile; fileRef = 59F419EF1E949D4D0080051F /* MainViewModel.m */; };
		59F419F31E949E300080051F /* LYTConfig.m in Sources */ = {isa = PBXBuildFile; fileRef = 59F419F21E949E300080051F /* LYTConfig.m */; };
		59F41A311E94AA1E0080051F /* MJExtensionConst.m in Sources */ = {isa = PBXBuildFile; fileRef = 59F41A1E1E94AA1E0080051F /* MJExtensionConst.m */; };
		59F41A321E94AA1E0080051F /* MJFoundation.m in Sources */ = {isa = PBXBuildFile; fileRef = 59F41A201E94AA1E0080051F /* MJFoundation.m */; };
		59F41A331E94AA1E0080051F /* MJProperty.m in Sources */ = {isa = PBXBuildFile; fileRef = 59F41A221E94AA1E0080051F /* MJProperty.m */; };
		59F41A341E94AA1E0080051F /* MJPropertyKey.m in Sources */ = {isa = PBXBuildFile; fileRef = 59F41A241E94AA1E0080051F /* MJPropertyKey.m */; };
		59F41A351E94AA1E0080051F /* MJPropertyType.m in Sources */ = {isa = PBXBuildFile; fileRef = 59F41A261E94AA1E0080051F /* MJPropertyType.m */; };
		59F41A361E94AA1E0080051F /* NSObject+MJClass.m in Sources */ = {isa = PBXBuildFile; fileRef = 59F41A281E94AA1E0080051F /* NSObject+MJClass.m */; };
		59F41A371E94AA1E0080051F /* NSObject+MJCoding.m in Sources */ = {isa = PBXBuildFile; fileRef = 59F41A2A1E94AA1E0080051F /* NSObject+MJCoding.m */; };
		59F41A381E94AA1E0080051F /* NSObject+MJKeyValue.m in Sources */ = {isa = PBXBuildFile; fileRef = 59F41A2C1E94AA1E0080051F /* NSObject+MJKeyValue.m */; };
		59F41A391E94AA1E0080051F /* NSObject+MJProperty.m in Sources */ = {isa = PBXBuildFile; fileRef = 59F41A2E1E94AA1E0080051F /* NSObject+MJProperty.m */; };
		59F41A3A1E94AA1E0080051F /* NSString+MJExtension.m in Sources */ = {isa = PBXBuildFile; fileRef = 59F41A301E94AA1E0080051F /* NSString+MJExtension.m */; };
		59F41A3D1E94AA650080051F /* UIImage+Image.m in Sources */ = {isa = PBXBuildFile; fileRef = 59F41A3C1E94AA650080051F /* UIImage+Image.m */; };
		59F41A411E94E4C00080051F /* LYTScreenView.m in Sources */ = {isa = PBXBuildFile; fileRef = 59F41A401E94E4C00080051F /* LYTScreenView.m */; };
		59F41A5F1E94E6C50080051F /* LICENSE in Resources */ = {isa = PBXBuildFile; fileRef = 59F41A431E94E6C40080051F /* LICENSE */; };
		59F41A601E94E6C50080051F /* MASCompositeConstraint.m in Sources */ = {isa = PBXBuildFile; fileRef = 59F41A461E94E6C40080051F /* MASCompositeConstraint.m */; };
		59F41A611E94E6C50080051F /* MASConstraint.m in Sources */ = {isa = PBXBuildFile; fileRef = 59F41A491E94E6C40080051F /* MASConstraint.m */; };
		59F41A621E94E6C50080051F /* MASConstraintMaker.m in Sources */ = {isa = PBXBuildFile; fileRef = 59F41A4B1E94E6C40080051F /* MASConstraintMaker.m */; };
		59F41A631E94E6C50080051F /* MASLayoutConstraint.m in Sources */ = {isa = PBXBuildFile; fileRef = 59F41A4D1E94E6C40080051F /* MASLayoutConstraint.m */; };
		59F41A641E94E6C50080051F /* MASViewAttribute.m in Sources */ = {isa = PBXBuildFile; fileRef = 59F41A511E94E6C40080051F /* MASViewAttribute.m */; };
		59F41A651E94E6C50080051F /* MASViewConstraint.m in Sources */ = {isa = PBXBuildFile; fileRef = 59F41A531E94E6C40080051F /* MASViewConstraint.m */; };
		59F41A661E94E6C50080051F /* NSArray+MASAdditions.m in Sources */ = {isa = PBXBuildFile; fileRef = 59F41A551E94E6C40080051F /* NSArray+MASAdditions.m */; };
		59F41A671E94E6C50080051F /* NSLayoutConstraint+MASDebugAdditions.m in Sources */ = {isa = PBXBuildFile; fileRef = 59F41A581E94E6C40080051F /* NSLayoutConstraint+MASDebugAdditions.m */; };
		59F41A681E94E6C50080051F /* View+MASAdditions.m in Sources */ = {isa = PBXBuildFile; fileRef = 59F41A5A1E94E6C40080051F /* View+MASAdditions.m */; };
		59F41A691E94E6C50080051F /* ViewController+MASAdditions.m in Sources */ = {isa = PBXBuildFile; fileRef = 59F41A5D1E94E6C50080051F /* ViewController+MASAdditions.m */; };
		59F41A6A1E94E6C50080051F /* README.md in Sources */ = {isa = PBXBuildFile; fileRef = 59F41A5E1E94E6C50080051F /* README.md */; };
		59F41A751E94EC110080051F /* LYTPingViewController.m in Sources */ = {isa = PBXBuildFile; fileRef = 59F41A731E94EC110080051F /* LYTPingViewController.m */; };
		59F41A761E94EC110080051F /* LYTPingViewController.xib in Resources */ = {isa = PBXBuildFile; fileRef = 59F41A741E94EC110080051F /* LYTPingViewController.xib */; };
		59F41A7C1E9618BA0080051F /* LYTSimplePing.m in Sources */ = {isa = PBXBuildFile; fileRef = 59F41A791E9618BA0080051F /* LYTSimplePing.m */; };
		59F41A7D1E9618BA0080051F /* LYTPingHelper.m in Sources */ = {isa = PBXBuildFile; fileRef = 59F41A7B1E9618BA0080051F /* LYTPingHelper.m */; };
		59F41A801E9618D50080051F /* PingResult.m in Sources */ = {isa = PBXBuildFile; fileRef = 59F41A7F1E9618D50080051F /* PingResult.m */; };
		59F41A851E9619330080051F /* UIColor+Separate.m in Sources */ = {isa = PBXBuildFile; fileRef = 59F41A821E9619330080051F /* UIColor+Separate.m */; };
		59F41A861E9619330080051F /* UIColor+Wonderful.m in Sources */ = {isa = PBXBuildFile; fileRef = 59F41A841E9619330080051F /* UIColor+Wonderful.m */; };
		59F41A891E9619460080051F /* UIView+Extension.m in Sources */ = {isa = PBXBuildFile; fileRef = 59F41A881E9619460080051F /* UIView+Extension.m */; };
		DE576A5E1E9B39110070155D /* TYHPortScanController.m in Sources */ = {isa = PBXBuildFile; fileRef = DE576A5D1E9B39110070155D /* TYHPortScanController.m */; };
		DE576A601E9B39230070155D /* TYHPortScanController.xib in Resources */ = {isa = PBXBuildFile; fileRef = DE576A5F1E9B39230070155D /* TYHPortScanController.xib */; };
		DE576A631E9B3DFD0070155D /* LYTNetConnect.m in Sources */ = {isa = PBXBuildFile; fileRef = DE576A621E9B3DFD0070155D /* LYTNetConnect.m */; };
		DE576A661E9B64980070155D /* NSString+NetTool.m in Sources */ = {isa = PBXBuildFile; fileRef = DE576A651E9B64980070155D /* NSString+NetTool.m */; };
		DEA33BBD1E835FDE00AE35F9 /* main.m in Sources */ = {isa = PBXBuildFile; fileRef = DEA33BBC1E835FDE00AE35F9 /* main.m */; };
		DEA33BC01E835FDE00AE35F9 /* AppDelegate.m in Sources */ = {isa = PBXBuildFile; fileRef = DEA33BBF1E835FDE00AE35F9 /* AppDelegate.m */; };
		DEA33BC61E835FDE00AE35F9 /* Main.storyboard in Resources */ = {isa = PBXBuildFile; fileRef = DEA33BC41E835FDE00AE35F9 /* Main.storyboard */; };
		DEA33BC81E835FDE00AE35F9 /* Assets.xcassets in Resources */ = {isa = PBXBuildFile; fileRef = DEA33BC71E835FDE00AE35F9 /* Assets.xcassets */; };
		DEA33BCB1E835FDE00AE35F9 /* LaunchScreen.storyboard in Resources */ = {isa = PBXBuildFile; fileRef = DEA33BC91E835FDE00AE35F9 /* LaunchScreen.storyboard */; };
		DEA33BD51E83601800AE35F9 /* LYTNetDiagnoser.m in Sources */ = {isa = PBXBuildFile; fileRef = DEA33BD41E83601800AE35F9 /* LYTNetDiagnoser.m */; };
		DEA33BD81E83687700AE35F9 /* LYTNetGetAddress.m in Sources */ = {isa = PBXBuildFile; fileRef = DEA33BD71E83687700AE35F9 /* LYTNetGetAddress.m */; };
		DEA33BDC1E8368D800AE35F9 /* libresolv.tbd in Frameworks */ = {isa = PBXBuildFile; fileRef = DEA33BDB1E8368D800AE35F9 /* libresolv.tbd */; };
		DEA33BDE1E8368E100AE35F9 /* CoreTelephony.framework in Frameworks */ = {isa = PBXBuildFile; fileRef = DEA33BDD1E8368E100AE35F9 /* CoreTelephony.framework */; };
		DEA33BE11E836FAE00AE35F9 /* LYTNetWorkReqestTool.m in Sources */ = {isa = PBXBuildFile; fileRef = DEA33BE01E836FAE00AE35F9 /* LYTNetWorkReqestTool.m */; };
		DEA33BE41E83810400AE35F9 /* LYTNetInfo.m in Sources */ = {isa = PBXBuildFile; fileRef = DEA33BE31E83810400AE35F9 /* LYTNetInfo.m */; };
		DEA33BE71E83D77500AE35F9 /* LYTNetTimer.m in Sources */ = {isa = PBXBuildFile; fileRef = DEA33BE61E83D77500AE35F9 /* LYTNetTimer.m */; };
		DEA33BEA1E83DA9100AE35F9 /* LYTPingInfo.m in Sources */ = {isa = PBXBuildFile; fileRef = DEA33BE91E83DA9100AE35F9 /* LYTPingInfo.m */; };
		DEA33C121E85265D00AE35F9 /* LYTColorRank.m in Sources */ = {isa = PBXBuildFile; fileRef = DEA33C111E85265D00AE35F9 /* LYTColorRank.m */; };
/* End PBXBuildFile section */

/* Begin PBXFileReference section */
		59086E9B1E976E8C0069965A /* LYTDNSViewController.h */ = {isa = PBXFileReference; fileEncoding = 4; lastKnownFileType = sourcecode.c.h; path = LYTDNSViewController.h; sourceTree = "<group>"; };
		59086E9C1E976E8C0069965A /* LYTDNSViewController.m */ = {isa = PBXFileReference; fileEncoding = 4; lastKnownFileType = sourcecode.c.objc; path = LYTDNSViewController.m; sourceTree = "<group>"; };
		59086E9D1E976E8C0069965A /* LYTDNSViewController.xib */ = {isa = PBXFileReference; fileEncoding = 4; lastKnownFileType = file.xib; path = LYTDNSViewController.xib; sourceTree = "<group>"; };
		594C9DEB1E964E2100B5C7D3 /* LYTDatabase.h */ = {isa = PBXFileReference; fileEncoding = 4; lastKnownFileType = sourcecode.c.h; path = LYTDatabase.h; sourceTree = "<group>"; };
		594C9DEC1E964E2100B5C7D3 /* LYTDatabase.m */ = {isa = PBXFileReference; fileEncoding = 4; lastKnownFileType = sourcecode.c.objc; path = LYTDatabase.m; sourceTree = "<group>"; };
		594C9DED1E964E2100B5C7D3 /* LYTDatabaseAdditions.h */ = {isa = PBXFileReference; fileEncoding = 4; lastKnownFileType = sourcecode.c.h; path = LYTDatabaseAdditions.h; sourceTree = "<group>"; };
		594C9DEE1E964E2100B5C7D3 /* LYTDatabaseAdditions.m */ = {isa = PBXFileReference; fileEncoding = 4; lastKnownFileType = sourcecode.c.objc; path = LYTDatabaseAdditions.m; sourceTree = "<group>"; };
		594C9DEF1E964E2100B5C7D3 /* LYTDatabasePool.h */ = {isa = PBXFileReference; fileEncoding = 4; lastKnownFileType = sourcecode.c.h; path = LYTDatabasePool.h; sourceTree = "<group>"; };
		594C9DF01E964E2100B5C7D3 /* LYTDatabasePool.m */ = {isa = PBXFileReference; fileEncoding = 4; lastKnownFileType = sourcecode.c.objc; path = LYTDatabasePool.m; sourceTree = "<group>"; };
		594C9DF11E964E2100B5C7D3 /* LYTDatabaseQueue.h */ = {isa = PBXFileReference; fileEncoding = 4; lastKnownFileType = sourcecode.c.h; path = LYTDatabaseQueue.h; sourceTree = "<group>"; };
		594C9DF21E964E2100B5C7D3 /* LYTDatabaseQueue.m */ = {isa = PBXFileReference; fileEncoding = 4; lastKnownFileType = sourcecode.c.objc; path = LYTDatabaseQueue.m; sourceTree = "<group>"; };
		594C9DF31E964E2100B5C7D3 /* LYTDB.h */ = {isa = PBXFileReference; fileEncoding = 4; lastKnownFileType = sourcecode.c.h; path = LYTDB.h; sourceTree = "<group>"; };
		594C9DF41E964E2100B5C7D3 /* LYTResultSet.h */ = {isa = PBXFileReference; fileEncoding = 4; lastKnownFileType = sourcecode.c.h; path = LYTResultSet.h; sourceTree = "<group>"; };
		594C9DF51E964E2100B5C7D3 /* LYTResultSet.m */ = {isa = PBXFileReference; fileEncoding = 4; lastKnownFileType = sourcecode.c.objc; path = LYTResultSet.m; sourceTree = "<group>"; };
		594C9DFB1E964E6300B5C7D3 /* libsqlite3.0.tbd */ = {isa = PBXFileReference; lastKnownFileType = "sourcecode.text-based-dylib-definition"; name = libsqlite3.0.tbd; path = usr/lib/libsqlite3.0.tbd; sourceTree = SDKROOT; };
		594C9DFE1E964EF800B5C7D3 /* LYTSDKDataBase.h */ = {isa = PBXFileReference; fileEncoding = 4; lastKnownFileType = sourcecode.c.h; path = LYTSDKDataBase.h; sourceTree = "<group>"; };
		594C9DFF1E964EF800B5C7D3 /* LYTSDKDataBase.m */ = {isa = PBXFileReference; fileEncoding = 4; lastKnownFileType = sourcecode.c.objc; path = LYTSDKDataBase.m; sourceTree = "<group>"; };
		594C9E041E9650C000B5C7D3 /* LYTSDKDataBase+LYTServersList.h */ = {isa = PBXFileReference; fileEncoding = 4; lastKnownFileType = sourcecode.c.h; path = "LYTSDKDataBase+LYTServersList.h"; sourceTree = "<group>"; };
		594C9E051E9650C000B5C7D3 /* LYTSDKDataBase+LYTServersList.m */ = {isa = PBXFileReference; fileEncoding = 4; lastKnownFileType = sourcecode.c.objc; path = "LYTSDKDataBase+LYTServersList.m"; sourceTree = "<group>"; };
		5966AC811E97230900A5A870 /* TYHBaseViewController.h */ = {isa = PBXFileReference; fileEncoding = 4; lastKnownFileType = sourcecode.c.h; path = TYHBaseViewController.h; sourceTree = "<group>"; };
		5966AC821E97230900A5A870 /* TYHBaseViewController.m */ = {isa = PBXFileReference; fileEncoding = 4; lastKnownFileType = sourcecode.c.objc; path = TYHBaseViewController.m; sourceTree = "<group>"; };
		5966AC841E9723B000A5A870 /* TYHbaseNavigationVC.h */ = {isa = PBXFileReference; fileEncoding = 4; lastKnownFileType = sourcecode.c.h; path = TYHbaseNavigationVC.h; sourceTree = "<group>"; };
		5966AC851E9723B000A5A870 /* TYHbaseNavigationVC.m */ = {isa = PBXFileReference; fileEncoding = 4; lastKnownFileType = sourcecode.c.objc; path = TYHbaseNavigationVC.m; sourceTree = "<group>"; };
		5966AC8A1E97241A00A5A870 /* UIImage+Round.h */ = {isa = PBXFileReference; fileEncoding = 4; lastKnownFileType = sourcecode.c.h; path = "UIImage+Round.h"; sourceTree = "<group>"; };
		5966AC8B1E97241A00A5A870 /* UIImage+Round.m */ = {isa = PBXFileReference; fileEncoding = 4; lastKnownFileType = sourcecode.c.objc; path = "UIImage+Round.m"; sourceTree = "<group>"; };
		5966AC8D1E97242B00A5A870 /* UIImage+GreyImage.h */ = {isa = PBXFileReference; fileEncoding = 4; lastKnownFileType = sourcecode.c.h; path = "UIImage+GreyImage.h"; sourceTree = "<group>"; };
		5966AC8E1E97242B00A5A870 /* UIImage+GreyImage.m */ = {isa = PBXFileReference; fileEncoding = 4; lastKnownFileType = sourcecode.c.objc; path = "UIImage+GreyImage.m"; sourceTree = "<group>"; };
		5966AC901E97243900A5A870 /* UIColor+TYHColor.h */ = {isa = PBXFileReference; fileEncoding = 4; lastKnownFileType = sourcecode.c.h; path = "UIColor+TYHColor.h"; sourceTree = "<group>"; };
		5966AC911E97243900A5A870 /* UIColor+TYHColor.m */ = {isa = PBXFileReference; fileEncoding = 4; lastKnownFileType = sourcecode.c.objc; path = "UIColor+TYHColor.m"; sourceTree = "<group>"; };
		5966AC931E97244B00A5A870 /* UIImage+CH.h */ = {isa = PBXFileReference; fileEncoding = 4; lastKnownFileType = sourcecode.c.h; path = "UIImage+CH.h"; sourceTree = "<group>"; };
		5966AC941E97244B00A5A870 /* UIImage+CH.m */ = {isa = PBXFileReference; fileEncoding = 4; lastKnownFileType = sourcecode.c.objc; path = "UIImage+CH.m"; sourceTree = "<group>"; };
		5966AC9A1E972AE300A5A870 /* LYTNetTraceRoute.h */ = {isa = PBXFileReference; fileEncoding = 4; lastKnownFileType = sourcecode.c.h; path = LYTNetTraceRoute.h; sourceTree = "<group>"; };
		5966AC9B1E972AE300A5A870 /* LYTNetTraceRoute.m */ = {isa = PBXFileReference; fileEncoding = 4; lastKnownFileType = sourcecode.c.objc; path = LYTNetTraceRoute.m; sourceTree = "<group>"; };
		5966AC9D1E97390A00A5A870 /* TracerouteViewController2.h */ = {isa = PBXFileReference; fileEncoding = 4; lastKnownFileType = sourcecode.c.h; path = TracerouteViewController2.h; sourceTree = "<group>"; };
		5966AC9E1E97390A00A5A870 /* TracerouteViewController2.m */ = {isa = PBXFileReference; fileEncoding = 4; lastKnownFileType = sourcecode.c.objc; path = TracerouteViewController2.m; sourceTree = "<group>"; };
		5966AC9F1E97390A00A5A870 /* TracerouteViewController2.xib */ = {isa = PBXFileReference; fileEncoding = 4; lastKnownFileType = file.xib; path = TracerouteViewController2.xib; sourceTree = "<group>"; };
		59F419E41E949B940080051F /* MainViewController.h */ = {isa = PBXFileReference; fileEncoding = 4; lastKnownFileType = sourcecode.c.h; path = MainViewController.h; sourceTree = "<group>"; };
		59F419E51E949B940080051F /* MainViewController.m */ = {isa = PBXFileReference; fileEncoding = 4; lastKnownFileType = sourcecode.c.objc; path = MainViewController.m; sourceTree = "<group>"; };
		59F419E91E949BE50080051F /* MainViewCell.h */ = {isa = PBXFileReference; fileEncoding = 4; lastKnownFileType = sourcecode.c.h; path = MainViewCell.h; sourceTree = "<group>"; };
		59F419EA1E949BE50080051F /* MainViewCell.m */ = {isa = PBXFileReference; fileEncoding = 4; lastKnownFileType = sourcecode.c.objc; path = MainViewCell.m; sourceTree = "<group>"; };
		59F419EB1E949BE50080051F /* MainViewCell.xib */ = {isa = PBXFileReference; fileEncoding = 4; lastKnownFileType = file.xib; path = MainViewCell.xib; sourceTree = "<group>"; };
		59F419EE1E949D4D0080051F /* MainViewModel.h */ = {isa = PBXFileReference; fileEncoding = 4; lastKnownFileType = sourcecode.c.h; path = MainViewModel.h; sourceTree = "<group>"; };
		59F419EF1E949D4D0080051F /* MainViewModel.m */ = {isa = PBXFileReference; fileEncoding = 4; lastKnownFileType = sourcecode.c.objc; path = MainViewModel.m; sourceTree = "<group>"; };
		59F419F11E949E300080051F /* LYTConfig.h */ = {isa = PBXFileReference; fileEncoding = 4; lastKnownFileType = sourcecode.c.h; path = LYTConfig.h; sourceTree = "<group>"; };
		59F419F21E949E300080051F /* LYTConfig.m */ = {isa = PBXFileReference; fileEncoding = 4; lastKnownFileType = sourcecode.c.objc; path = LYTConfig.m; sourceTree = "<group>"; };
		59F41A1C1E94AA1E0080051F /* MJExtension.h */ = {isa = PBXFileReference; fileEncoding = 4; lastKnownFileType = sourcecode.c.h; path = MJExtension.h; sourceTree = "<group>"; };
		59F41A1D1E94AA1E0080051F /* MJExtensionConst.h */ = {isa = PBXFileReference; fileEncoding = 4; lastKnownFileType = sourcecode.c.h; path = MJExtensionConst.h; sourceTree = "<group>"; };
		59F41A1E1E94AA1E0080051F /* MJExtensionConst.m */ = {isa = PBXFileReference; fileEncoding = 4; lastKnownFileType = sourcecode.c.objc; path = MJExtensionConst.m; sourceTree = "<group>"; };
		59F41A1F1E94AA1E0080051F /* MJFoundation.h */ = {isa = PBXFileReference; fileEncoding = 4; lastKnownFileType = sourcecode.c.h; path = MJFoundation.h; sourceTree = "<group>"; };
		59F41A201E94AA1E0080051F /* MJFoundation.m */ = {isa = PBXFileReference; fileEncoding = 4; lastKnownFileType = sourcecode.c.objc; path = MJFoundation.m; sourceTree = "<group>"; };
		59F41A211E94AA1E0080051F /* MJProperty.h */ = {isa = PBXFileReference; fileEncoding = 4; lastKnownFileType = sourcecode.c.h; path = MJProperty.h; sourceTree = "<group>"; };
		59F41A221E94AA1E0080051F /* MJProperty.m */ = {isa = PBXFileReference; fileEncoding = 4; lastKnownFileType = sourcecode.c.objc; path = MJProperty.m; sourceTree = "<group>"; };
		59F41A231E94AA1E0080051F /* MJPropertyKey.h */ = {isa = PBXFileReference; fileEncoding = 4; lastKnownFileType = sourcecode.c.h; path = MJPropertyKey.h; sourceTree = "<group>"; };
		59F41A241E94AA1E0080051F /* MJPropertyKey.m */ = {isa = PBXFileReference; fileEncoding = 4; lastKnownFileType = sourcecode.c.objc; path = MJPropertyKey.m; sourceTree = "<group>"; };
		59F41A251E94AA1E0080051F /* MJPropertyType.h */ = {isa = PBXFileReference; fileEncoding = 4; lastKnownFileType = sourcecode.c.h; path = MJPropertyType.h; sourceTree = "<group>"; };
		59F41A261E94AA1E0080051F /* MJPropertyType.m */ = {isa = PBXFileReference; fileEncoding = 4; lastKnownFileType = sourcecode.c.objc; path = MJPropertyType.m; sourceTree = "<group>"; };
		59F41A271E94AA1E0080051F /* NSObject+MJClass.h */ = {isa = PBXFileReference; fileEncoding = 4; lastKnownFileType = sourcecode.c.h; path = "NSObject+MJClass.h"; sourceTree = "<group>"; };
		59F41A281E94AA1E0080051F /* NSObject+MJClass.m */ = {isa = PBXFileReference; fileEncoding = 4; lastKnownFileType = sourcecode.c.objc; path = "NSObject+MJClass.m"; sourceTree = "<group>"; };
		59F41A291E94AA1E0080051F /* NSObject+MJCoding.h */ = {isa = PBXFileReference; fileEncoding = 4; lastKnownFileType = sourcecode.c.h; path = "NSObject+MJCoding.h"; sourceTree = "<group>"; };
		59F41A2A1E94AA1E0080051F /* NSObject+MJCoding.m */ = {isa = PBXFileReference; fileEncoding = 4; lastKnownFileType = sourcecode.c.objc; path = "NSObject+MJCoding.m"; sourceTree = "<group>"; };
		59F41A2B1E94AA1E0080051F /* NSObject+MJKeyValue.h */ = {isa = PBXFileReference; fileEncoding = 4; lastKnownFileType = sourcecode.c.h; path = "NSObject+MJKeyValue.h"; sourceTree = "<group>"; };
		59F41A2C1E94AA1E0080051F /* NSObject+MJKeyValue.m */ = {isa = PBXFileReference; fileEncoding = 4; lastKnownFileType = sourcecode.c.objc; path = "NSObject+MJKeyValue.m"; sourceTree = "<group>"; };
		59F41A2D1E94AA1E0080051F /* NSObject+MJProperty.h */ = {isa = PBXFileReference; fileEncoding = 4; lastKnownFileType = sourcecode.c.h; path = "NSObject+MJProperty.h"; sourceTree = "<group>"; };
		59F41A2E1E94AA1E0080051F /* NSObject+MJProperty.m */ = {isa = PBXFileReference; fileEncoding = 4; lastKnownFileType = sourcecode.c.objc; path = "NSObject+MJProperty.m"; sourceTree = "<group>"; };
		59F41A2F1E94AA1E0080051F /* NSString+MJExtension.h */ = {isa = PBXFileReference; fileEncoding = 4; lastKnownFileType = sourcecode.c.h; path = "NSString+MJExtension.h"; sourceTree = "<group>"; };
		59F41A301E94AA1E0080051F /* NSString+MJExtension.m */ = {isa = PBXFileReference; fileEncoding = 4; lastKnownFileType = sourcecode.c.objc; path = "NSString+MJExtension.m"; sourceTree = "<group>"; };
		59F41A3B1E94AA650080051F /* UIImage+Image.h */ = {isa = PBXFileReference; fileEncoding = 4; lastKnownFileType = sourcecode.c.h; path = "UIImage+Image.h"; sourceTree = "<group>"; };
		59F41A3C1E94AA650080051F /* UIImage+Image.m */ = {isa = PBXFileReference; fileEncoding = 4; lastKnownFileType = sourcecode.c.objc; path = "UIImage+Image.m"; sourceTree = "<group>"; };
		59F41A3F1E94E4C00080051F /* LYTScreenView.h */ = {isa = PBXFileReference; fileEncoding = 4; lastKnownFileType = sourcecode.c.h; path = LYTScreenView.h; sourceTree = "<group>"; };
		59F41A401E94E4C00080051F /* LYTScreenView.m */ = {isa = PBXFileReference; fileEncoding = 4; lastKnownFileType = sourcecode.c.objc; path = LYTScreenView.m; sourceTree = "<group>"; };
		59F41A431E94E6C40080051F /* LICENSE */ = {isa = PBXFileReference; fileEncoding = 4; lastKnownFileType = text; path = LICENSE; sourceTree = "<group>"; };
		59F41A451E94E6C40080051F /* MASCompositeConstraint.h */ = {isa = PBXFileReference; fileEncoding = 4; lastKnownFileType = sourcecode.c.h; path = MASCompositeConstraint.h; sourceTree = "<group>"; };
		59F41A461E94E6C40080051F /* MASCompositeConstraint.m */ = {isa = PBXFileReference; fileEncoding = 4; lastKnownFileType = sourcecode.c.objc; path = MASCompositeConstraint.m; sourceTree = "<group>"; };
		59F41A471E94E6C40080051F /* MASConstraint+Private.h */ = {isa = PBXFileReference; fileEncoding = 4; lastKnownFileType = sourcecode.c.h; path = "MASConstraint+Private.h"; sourceTree = "<group>"; };
		59F41A481E94E6C40080051F /* MASConstraint.h */ = {isa = PBXFileReference; fileEncoding = 4; lastKnownFileType = sourcecode.c.h; path = MASConstraint.h; sourceTree = "<group>"; };
		59F41A491E94E6C40080051F /* MASConstraint.m */ = {isa = PBXFileReference; fileEncoding = 4; lastKnownFileType = sourcecode.c.objc; path = MASConstraint.m; sourceTree = "<group>"; };
		59F41A4A1E94E6C40080051F /* MASConstraintMaker.h */ = {isa = PBXFileReference; fileEncoding = 4; lastKnownFileType = sourcecode.c.h; path = MASConstraintMaker.h; sourceTree = "<group>"; };
		59F41A4B1E94E6C40080051F /* MASConstraintMaker.m */ = {isa = PBXFileReference; fileEncoding = 4; lastKnownFileType = sourcecode.c.objc; path = MASConstraintMaker.m; sourceTree = "<group>"; };
		59F41A4C1E94E6C40080051F /* MASLayoutConstraint.h */ = {isa = PBXFileReference; fileEncoding = 4; lastKnownFileType = sourcecode.c.h; path = MASLayoutConstraint.h; sourceTree = "<group>"; };
		59F41A4D1E94E6C40080051F /* MASLayoutConstraint.m */ = {isa = PBXFileReference; fileEncoding = 4; lastKnownFileType = sourcecode.c.objc; path = MASLayoutConstraint.m; sourceTree = "<group>"; };
		59F41A4E1E94E6C40080051F /* Masonry.h */ = {isa = PBXFileReference; fileEncoding = 4; lastKnownFileType = sourcecode.c.h; path = Masonry.h; sourceTree = "<group>"; };
		59F41A4F1E94E6C40080051F /* MASUtilities.h */ = {isa = PBXFileReference; fileEncoding = 4; lastKnownFileType = sourcecode.c.h; path = MASUtilities.h; sourceTree = "<group>"; };
		59F41A501E94E6C40080051F /* MASViewAttribute.h */ = {isa = PBXFileReference; fileEncoding = 4; lastKnownFileType = sourcecode.c.h; path = MASViewAttribute.h; sourceTree = "<group>"; };
		59F41A511E94E6C40080051F /* MASViewAttribute.m */ = {isa = PBXFileReference; fileEncoding = 4; lastKnownFileType = sourcecode.c.objc; path = MASViewAttribute.m; sourceTree = "<group>"; };
		59F41A521E94E6C40080051F /* MASViewConstraint.h */ = {isa = PBXFileReference; fileEncoding = 4; lastKnownFileType = sourcecode.c.h; path = MASViewConstraint.h; sourceTree = "<group>"; };
		59F41A531E94E6C40080051F /* MASViewConstraint.m */ = {isa = PBXFileReference; fileEncoding = 4; lastKnownFileType = sourcecode.c.objc; path = MASViewConstraint.m; sourceTree = "<group>"; };
		59F41A541E94E6C40080051F /* NSArray+MASAdditions.h */ = {isa = PBXFileReference; fileEncoding = 4; lastKnownFileType = sourcecode.c.h; path = "NSArray+MASAdditions.h"; sourceTree = "<group>"; };
		59F41A551E94E6C40080051F /* NSArray+MASAdditions.m */ = {isa = PBXFileReference; fileEncoding = 4; lastKnownFileType = sourcecode.c.objc; path = "NSArray+MASAdditions.m"; sourceTree = "<group>"; };
		59F41A561E94E6C40080051F /* NSArray+MASShorthandAdditions.h */ = {isa = PBXFileReference; fileEncoding = 4; lastKnownFileType = sourcecode.c.h; path = "NSArray+MASShorthandAdditions.h"; sourceTree = "<group>"; };
		59F41A571E94E6C40080051F /* NSLayoutConstraint+MASDebugAdditions.h */ = {isa = PBXFileReference; fileEncoding = 4; lastKnownFileType = sourcecode.c.h; path = "NSLayoutConstraint+MASDebugAdditions.h"; sourceTree = "<group>"; };
		59F41A581E94E6C40080051F /* NSLayoutConstraint+MASDebugAdditions.m */ = {isa = PBXFileReference; fileEncoding = 4; lastKnownFileType = sourcecode.c.objc; path = "NSLayoutConstraint+MASDebugAdditions.m"; sourceTree = "<group>"; };
		59F41A591E94E6C40080051F /* View+MASAdditions.h */ = {isa = PBXFileReference; fileEncoding = 4; lastKnownFileType = sourcecode.c.h; path = "View+MASAdditions.h"; sourceTree = "<group>"; };
		59F41A5A1E94E6C40080051F /* View+MASAdditions.m */ = {isa = PBXFileReference; fileEncoding = 4; lastKnownFileType = sourcecode.c.objc; path = "View+MASAdditions.m"; sourceTree = "<group>"; };
		59F41A5B1E94E6C50080051F /* View+MASShorthandAdditions.h */ = {isa = PBXFileReference; fileEncoding = 4; lastKnownFileType = sourcecode.c.h; path = "View+MASShorthandAdditions.h"; sourceTree = "<group>"; };
		59F41A5C1E94E6C50080051F /* ViewController+MASAdditions.h */ = {isa = PBXFileReference; fileEncoding = 4; lastKnownFileType = sourcecode.c.h; path = "ViewController+MASAdditions.h"; sourceTree = "<group>"; };
		59F41A5D1E94E6C50080051F /* ViewController+MASAdditions.m */ = {isa = PBXFileReference; fileEncoding = 4; lastKnownFileType = sourcecode.c.objc; path = "ViewController+MASAdditions.m"; sourceTree = "<group>"; };
		59F41A5E1E94E6C50080051F /* README.md */ = {isa = PBXFileReference; fileEncoding = 4; lastKnownFileType = net.daringfireball.markdown; path = README.md; sourceTree = "<group>"; };
		59F41A721E94EC110080051F /* LYTPingViewController.h */ = {isa = PBXFileReference; fileEncoding = 4; lastKnownFileType = sourcecode.c.h; path = LYTPingViewController.h; sourceTree = "<group>"; };
		59F41A731E94EC110080051F /* LYTPingViewController.m */ = {isa = PBXFileReference; fileEncoding = 4; lastKnownFileType = sourcecode.c.objc; path = LYTPingViewController.m; sourceTree = "<group>"; };
		59F41A741E94EC110080051F /* LYTPingViewController.xib */ = {isa = PBXFileReference; fileEncoding = 4; lastKnownFileType = file.xib; path = LYTPingViewController.xib; sourceTree = "<group>"; };
		59F41A781E9618BA0080051F /* LYTSimplePing.h */ = {isa = PBXFileReference; fileEncoding = 4; lastKnownFileType = sourcecode.c.h; path = LYTSimplePing.h; sourceTree = "<group>"; };
		59F41A791E9618BA0080051F /* LYTSimplePing.m */ = {isa = PBXFileReference; fileEncoding = 4; lastKnownFileType = sourcecode.c.objc; path = LYTSimplePing.m; sourceTree = "<group>"; };
		59F41A7A1E9618BA0080051F /* LYTPingHelper.h */ = {isa = PBXFileReference; fileEncoding = 4; lastKnownFileType = sourcecode.c.h; path = LYTPingHelper.h; sourceTree = "<group>"; };
		59F41A7B1E9618BA0080051F /* LYTPingHelper.m */ = {isa = PBXFileReference; fileEncoding = 4; lastKnownFileType = sourcecode.c.objc; path = LYTPingHelper.m; sourceTree = "<group>"; };
		59F41A7E1E9618D50080051F /* PingResult.h */ = {isa = PBXFileReference; fileEncoding = 4; lastKnownFileType = sourcecode.c.h; path = PingResult.h; sourceTree = "<group>"; };
		59F41A7F1E9618D50080051F /* PingResult.m */ = {isa = PBXFileReference; fileEncoding = 4; lastKnownFileType = sourcecode.c.objc; path = PingResult.m; sourceTree = "<group>"; };
		59F41A811E9619330080051F /* UIColor+Separate.h */ = {isa = PBXFileReference; fileEncoding = 4; lastKnownFileType = sourcecode.c.h; path = "UIColor+Separate.h"; sourceTree = "<group>"; };
		59F41A821E9619330080051F /* UIColor+Separate.m */ = {isa = PBXFileReference; fileEncoding = 4; lastKnownFileType = sourcecode.c.objc; path = "UIColor+Separate.m"; sourceTree = "<group>"; };
		59F41A831E9619330080051F /* UIColor+Wonderful.h */ = {isa = PBXFileReference; fileEncoding = 4; lastKnownFileType = sourcecode.c.h; path = "UIColor+Wonderful.h"; sourceTree = "<group>"; };
		59F41A841E9619330080051F /* UIColor+Wonderful.m */ = {isa = PBXFileReference; fileEncoding = 4; lastKnownFileType = sourcecode.c.objc; path = "UIColor+Wonderful.m"; sourceTree = "<group>"; };
		59F41A871E9619460080051F /* UIView+Extension.h */ = {isa = PBXFileReference; fileEncoding = 4; lastKnownFileType = sourcecode.c.h; path = "UIView+Extension.h"; sourceTree = "<group>"; };
		59F41A881E9619460080051F /* UIView+Extension.m */ = {isa = PBXFileReference; fileEncoding = 4; lastKnownFileType = sourcecode.c.objc; path = "UIView+Extension.m"; sourceTree = "<group>"; };
		DE576A5C1E9B39110070155D /* TYHPortScanController.h */ = {isa = PBXFileReference; fileEncoding = 4; lastKnownFileType = sourcecode.c.h; path = TYHPortScanController.h; sourceTree = "<group>"; };
		DE576A5D1E9B39110070155D /* TYHPortScanController.m */ = {isa = PBXFileReference; fileEncoding = 4; lastKnownFileType = sourcecode.c.objc; path = TYHPortScanController.m; sourceTree = "<group>"; };
		DE576A5F1E9B39230070155D /* TYHPortScanController.xib */ = {isa = PBXFileReference; fileEncoding = 4; lastKnownFileType = file.xib; path = TYHPortScanController.xib; sourceTree = "<group>"; };
		DE576A611E9B3DED0070155D /* LYTNetConnect.h */ = {isa = PBXFileReference; fileEncoding = 4; lastKnownFileType = sourcecode.c.h; path = LYTNetConnect.h; sourceTree = "<group>"; };
		DE576A621E9B3DFD0070155D /* LYTNetConnect.m */ = {isa = PBXFileReference; fileEncoding = 4; lastKnownFileType = sourcecode.c.objc; path = LYTNetConnect.m; sourceTree = "<group>"; };
		DE576A641E9B64980070155D /* NSString+NetTool.h */ = {isa = PBXFileReference; fileEncoding = 4; lastKnownFileType = sourcecode.c.h; path = "NSString+NetTool.h"; sourceTree = "<group>"; };
		DE576A651E9B64980070155D /* NSString+NetTool.m */ = {isa = PBXFileReference; fileEncoding = 4; lastKnownFileType = sourcecode.c.objc; path = "NSString+NetTool.m"; sourceTree = "<group>"; };
		DEA33BB81E835FDE00AE35F9 /* LYTNetDiagnose.app */ = {isa = PBXFileReference; explicitFileType = wrapper.application; includeInIndex = 0; path = LYTNetDiagnose.app; sourceTree = BUILT_PRODUCTS_DIR; };
		DEA33BBC1E835FDE00AE35F9 /* main.m */ = {isa = PBXFileReference; lastKnownFileType = sourcecode.c.objc; path = main.m; sourceTree = "<group>"; };
		DEA33BBE1E835FDE00AE35F9 /* AppDelegate.h */ = {isa = PBXFileReference; lastKnownFileType = sourcecode.c.h; path = AppDelegate.h; sourceTree = "<group>"; };
		DEA33BBF1E835FDE00AE35F9 /* AppDelegate.m */ = {isa = PBXFileReference; lastKnownFileType = sourcecode.c.objc; path = AppDelegate.m; sourceTree = "<group>"; };
		DEA33BC51E835FDE00AE35F9 /* Base */ = {isa = PBXFileReference; lastKnownFileType = file.storyboard; name = Base; path = Base.lproj/Main.storyboard; sourceTree = "<group>"; };
		DEA33BC71E835FDE00AE35F9 /* Assets.xcassets */ = {isa = PBXFileReference; lastKnownFileType = folder.assetcatalog; path = Assets.xcassets; sourceTree = "<group>"; };
		DEA33BCA1E835FDE00AE35F9 /* Base */ = {isa = PBXFileReference; lastKnownFileType = file.storyboard; name = Base; path = Base.lproj/LaunchScreen.storyboard; sourceTree = "<group>"; };
		DEA33BCC1E835FDE00AE35F9 /* Info.plist */ = {isa = PBXFileReference; lastKnownFileType = text.plist.xml; path = Info.plist; sourceTree = "<group>"; };
		DEA33BD31E83601800AE35F9 /* LYTNetDiagnoser.h */ = {isa = PBXFileReference; fileEncoding = 4; lastKnownFileType = sourcecode.c.h; path = LYTNetDiagnoser.h; sourceTree = "<group>"; };
		DEA33BD41E83601800AE35F9 /* LYTNetDiagnoser.m */ = {isa = PBXFileReference; fileEncoding = 4; lastKnownFileType = sourcecode.c.objc; path = LYTNetDiagnoser.m; sourceTree = "<group>"; };
		DEA33BD61E83687700AE35F9 /* LYTNetGetAddress.h */ = {isa = PBXFileReference; fileEncoding = 4; lastKnownFileType = sourcecode.c.h; path = LYTNetGetAddress.h; sourceTree = "<group>"; };
		DEA33BD71E83687700AE35F9 /* LYTNetGetAddress.m */ = {isa = PBXFileReference; fileEncoding = 4; lastKnownFileType = sourcecode.c.objc; path = LYTNetGetAddress.m; sourceTree = "<group>"; };
		DEA33BD91E83689F00AE35F9 /* LYTRoute.h */ = {isa = PBXFileReference; lastKnownFileType = sourcecode.c.h; path = LYTRoute.h; sourceTree = "<group>"; };
		DEA33BDB1E8368D800AE35F9 /* libresolv.tbd */ = {isa = PBXFileReference; lastKnownFileType = "sourcecode.text-based-dylib-definition"; name = libresolv.tbd; path = usr/lib/libresolv.tbd; sourceTree = SDKROOT; };
		DEA33BDD1E8368E100AE35F9 /* CoreTelephony.framework */ = {isa = PBXFileReference; lastKnownFileType = wrapper.framework; name = CoreTelephony.framework; path = System/Library/Frameworks/CoreTelephony.framework; sourceTree = SDKROOT; };
		DEA33BDF1E836FAE00AE35F9 /* LYTNetWorkReqestTool.h */ = {isa = PBXFileReference; fileEncoding = 4; lastKnownFileType = sourcecode.c.h; path = LYTNetWorkReqestTool.h; sourceTree = "<group>"; };
		DEA33BE01E836FAE00AE35F9 /* LYTNetWorkReqestTool.m */ = {isa = PBXFileReference; fileEncoding = 4; lastKnownFileType = sourcecode.c.objc; path = LYTNetWorkReqestTool.m; sourceTree = "<group>"; };
		DEA33BE21E83810400AE35F9 /* LYTNetInfo.h */ = {isa = PBXFileReference; fileEncoding = 4; lastKnownFileType = sourcecode.c.h; path = LYTNetInfo.h; sourceTree = "<group>"; };
		DEA33BE31E83810400AE35F9 /* LYTNetInfo.m */ = {isa = PBXFileReference; fileEncoding = 4; lastKnownFileType = sourcecode.c.objc; path = LYTNetInfo.m; sourceTree = "<group>"; };
		DEA33BE51E83D77500AE35F9 /* LYTNetTimer.h */ = {isa = PBXFileReference; fileEncoding = 4; lastKnownFileType = sourcecode.c.h; path = LYTNetTimer.h; sourceTree = "<group>"; };
		DEA33BE61E83D77500AE35F9 /* LYTNetTimer.m */ = {isa = PBXFileReference; fileEncoding = 4; lastKnownFileType = sourcecode.c.objc; path = LYTNetTimer.m; sourceTree = "<group>"; };
		DEA33BE81E83DA9100AE35F9 /* LYTPingInfo.h */ = {isa = PBXFileReference; fileEncoding = 4; lastKnownFileType = sourcecode.c.h; path = LYTPingInfo.h; sourceTree = "<group>"; };
		DEA33BE91E83DA9100AE35F9 /* LYTPingInfo.m */ = {isa = PBXFileReference; fileEncoding = 4; lastKnownFileType = sourcecode.c.objc; path = LYTPingInfo.m; sourceTree = "<group>"; };
		DEA33C101E85265D00AE35F9 /* LYTColorRank.h */ = {isa = PBXFileReference; fileEncoding = 4; lastKnownFileType = sourcecode.c.h; path = LYTColorRank.h; sourceTree = "<group>"; };
		DEA33C111E85265D00AE35F9 /* LYTColorRank.m */ = {isa = PBXFileReference; fileEncoding = 4; lastKnownFileType = sourcecode.c.objc; path = LYTColorRank.m; sourceTree = "<group>"; };
/* End PBXFileReference section */

/* Begin PBXFrameworksBuildPhase section */
		DEA33BB51E835FDE00AE35F9 /* Frameworks */ = {
			isa = PBXFrameworksBuildPhase;
			buildActionMask = 2147483647;
			files = (
				594C9DFC1E964E6300B5C7D3 /* libsqlite3.0.tbd in Frameworks */,
				DEA33BDE1E8368E100AE35F9 /* CoreTelephony.framework in Frameworks */,
				DEA33BDC1E8368D800AE35F9 /* libresolv.tbd in Frameworks */,
			);
			runOnlyForDeploymentPostprocessing = 0;
		};
/* End PBXFrameworksBuildPhase section */

/* Begin PBXGroup section */
		59086E9A1E976E710069965A /* DNS */ = {
			isa = PBXGroup;
			children = (
				59086E9B1E976E8C0069965A /* LYTDNSViewController.h */,
				59086E9C1E976E8C0069965A /* LYTDNSViewController.m */,
				59086E9D1E976E8C0069965A /* LYTDNSViewController.xib */,
			);
			path = DNS;
			sourceTree = "<group>";
		};
		594C9DEA1E964E2100B5C7D3 /* LYTdb */ = {
			isa = PBXGroup;
			children = (
				594C9DEB1E964E2100B5C7D3 /* LYTDatabase.h */,
				594C9DEC1E964E2100B5C7D3 /* LYTDatabase.m */,
				594C9DED1E964E2100B5C7D3 /* LYTDatabaseAdditions.h */,
				594C9DEE1E964E2100B5C7D3 /* LYTDatabaseAdditions.m */,
				594C9DEF1E964E2100B5C7D3 /* LYTDatabasePool.h */,
				594C9DF01E964E2100B5C7D3 /* LYTDatabasePool.m */,
				594C9DF11E964E2100B5C7D3 /* LYTDatabaseQueue.h */,
				594C9DF21E964E2100B5C7D3 /* LYTDatabaseQueue.m */,
				594C9DF31E964E2100B5C7D3 /* LYTDB.h */,
				594C9DF41E964E2100B5C7D3 /* LYTResultSet.h */,
				594C9DF51E964E2100B5C7D3 /* LYTResultSet.m */,
			);
			path = LYTdb;
			sourceTree = "<group>";
		};
		594C9DFD1E964EF800B5C7D3 /* LYTDB */ = {
			isa = PBXGroup;
			children = (
				594C9DFE1E964EF800B5C7D3 /* LYTSDKDataBase.h */,
				594C9DFF1E964EF800B5C7D3 /* LYTSDKDataBase.m */,
				594C9E041E9650C000B5C7D3 /* LYTSDKDataBase+LYTServersList.h */,
				594C9E051E9650C000B5C7D3 /* LYTSDKDataBase+LYTServersList.m */,
			);
			path = LYTDB;
			sourceTree = "<group>";
		};
		5966AC961E9728CF00A5A870 /* traceroute */ = {
			isa = PBXGroup;
			children = (
				5966AC9D1E97390A00A5A870 /* TracerouteViewController2.h */,
				5966AC9E1E97390A00A5A870 /* TracerouteViewController2.m */,
				5966AC9F1E97390A00A5A870 /* TracerouteViewController2.xib */,
			);
			path = traceroute;
			sourceTree = "<group>";
		};
		59F419E31E949B940080051F /* MainViewController */ = {
			isa = PBXGroup;
			children = (
				5966AC841E9723B000A5A870 /* TYHbaseNavigationVC.h */,
				5966AC851E9723B000A5A870 /* TYHbaseNavigationVC.m */,
				5966AC811E97230900A5A870 /* TYHBaseViewController.h */,
				5966AC821E97230900A5A870 /* TYHBaseViewController.m */,
				59F41A6B1E94E9D30080051F /* 控制台 */,
				59F41A3E1E94E4A60080051F /* LYTScreenView */,
				59F419E71E949BB30080051F /* View */,
				59F419E81E949BB30080051F /* Model */,
				59F419E41E949B940080051F /* MainViewController.h */,
				59F419E51E949B940080051F /* MainViewController.m */,
			);
			path = MainViewController;
			sourceTree = "<group>";
		};
		59F419E71E949BB30080051F /* View */ = {
			isa = PBXGroup;
			children = (
				59F419E91E949BE50080051F /* MainViewCell.h */,
				59F419EA1E949BE50080051F /* MainViewCell.m */,
				59F419EB1E949BE50080051F /* MainViewCell.xib */,
			);
			path = View;
			sourceTree = "<group>";
		};
		59F419E81E949BB30080051F /* Model */ = {
			isa = PBXGroup;
			children = (
				59F419EE1E949D4D0080051F /* MainViewModel.h */,
				59F419EF1E949D4D0080051F /* MainViewModel.m */,
			);
			path = Model;
			sourceTree = "<group>";
		};
		59F41A191E94AA1E0080051F /* 第三方 */ = {
			isa = PBXGroup;
			children = (
				5966AC931E97244B00A5A870 /* UIImage+CH.h */,
				5966AC941E97244B00A5A870 /* UIImage+CH.m */,
				5966AC901E97243900A5A870 /* UIColor+TYHColor.h */,
				5966AC911E97243900A5A870 /* UIColor+TYHColor.m */,
				5966AC8D1E97242B00A5A870 /* UIImage+GreyImage.h */,
				5966AC8E1E97242B00A5A870 /* UIImage+GreyImage.m */,
				5966AC8A1E97241A00A5A870 /* UIImage+Round.h */,
				5966AC8B1E97241A00A5A870 /* UIImage+Round.m */,
				594C9DEA1E964E2100B5C7D3 /* LYTdb */,
				59F41A871E9619460080051F /* UIView+Extension.h */,
				59F41A881E9619460080051F /* UIView+Extension.m */,
				59F41A811E9619330080051F /* UIColor+Separate.h */,
				59F41A821E9619330080051F /* UIColor+Separate.m */,
				59F41A831E9619330080051F /* UIColor+Wonderful.h */,
				59F41A841E9619330080051F /* UIColor+Wonderful.m */,
				59F41A421E94E6C40080051F /* Masonry */,
				59F41A3B1E94AA650080051F /* UIImage+Image.h */,
				59F41A3C1E94AA650080051F /* UIImage+Image.m */,
				59F41A1A1E94AA1E0080051F /* MJExtension */,
				DE576A641E9B64980070155D /* NSString+NetTool.h */,
				DE576A651E9B64980070155D /* NSString+NetTool.m */,
			);
			path = "第三方";
			sourceTree = "<group>";
		};
		59F41A1A1E94AA1E0080051F /* MJExtension */ = {
			isa = PBXGroup;
			children = (
				59F41A1B1E94AA1E0080051F /* MJExtension */,
			);
			path = MJExtension;
			sourceTree = "<group>";
		};
		59F41A1B1E94AA1E0080051F /* MJExtension */ = {
			isa = PBXGroup;
			children = (
				59F41A1C1E94AA1E0080051F /* MJExtension.h */,
				59F41A1D1E94AA1E0080051F /* MJExtensionConst.h */,
				59F41A1E1E94AA1E0080051F /* MJExtensionConst.m */,
				59F41A1F1E94AA1E0080051F /* MJFoundation.h */,
				59F41A201E94AA1E0080051F /* MJFoundation.m */,
				59F41A211E94AA1E0080051F /* MJProperty.h */,
				59F41A221E94AA1E0080051F /* MJProperty.m */,
				59F41A231E94AA1E0080051F /* MJPropertyKey.h */,
				59F41A241E94AA1E0080051F /* MJPropertyKey.m */,
				59F41A251E94AA1E0080051F /* MJPropertyType.h */,
				59F41A261E94AA1E0080051F /* MJPropertyType.m */,
				59F41A271E94AA1E0080051F /* NSObject+MJClass.h */,
				59F41A281E94AA1E0080051F /* NSObject+MJClass.m */,
				59F41A291E94AA1E0080051F /* NSObject+MJCoding.h */,
				59F41A2A1E94AA1E0080051F /* NSObject+MJCoding.m */,
				59F41A2B1E94AA1E0080051F /* NSObject+MJKeyValue.h */,
				59F41A2C1E94AA1E0080051F /* NSObject+MJKeyValue.m */,
				59F41A2D1E94AA1E0080051F /* NSObject+MJProperty.h */,
				59F41A2E1E94AA1E0080051F /* NSObject+MJProperty.m */,
				59F41A2F1E94AA1E0080051F /* NSString+MJExtension.h */,
				59F41A301E94AA1E0080051F /* NSString+MJExtension.m */,
			);
			path = MJExtension;
			sourceTree = "<group>";
		};
		59F41A3E1E94E4A60080051F /* LYTScreenView */ = {
			isa = PBXGroup;
			children = (
				59F41A3F1E94E4C00080051F /* LYTScreenView.h */,
				59F41A401E94E4C00080051F /* LYTScreenView.m */,
			);
			path = LYTScreenView;
			sourceTree = "<group>";
		};
		59F41A421E94E6C40080051F /* Masonry */ = {
			isa = PBXGroup;
			children = (
				59F41A431E94E6C40080051F /* LICENSE */,
				59F41A441E94E6C40080051F /* Masonry */,
				59F41A5E1E94E6C50080051F /* README.md */,
			);
			path = Masonry;
			sourceTree = "<group>";
		};
		59F41A441E94E6C40080051F /* Masonry */ = {
			isa = PBXGroup;
			children = (
				59F41A451E94E6C40080051F /* MASCompositeConstraint.h */,
				59F41A461E94E6C40080051F /* MASCompositeConstraint.m */,
				59F41A471E94E6C40080051F /* MASConstraint+Private.h */,
				59F41A481E94E6C40080051F /* MASConstraint.h */,
				59F41A491E94E6C40080051F /* MASConstraint.m */,
				59F41A4A1E94E6C40080051F /* MASConstraintMaker.h */,
				59F41A4B1E94E6C40080051F /* MASConstraintMaker.m */,
				59F41A4C1E94E6C40080051F /* MASLayoutConstraint.h */,
				59F41A4D1E94E6C40080051F /* MASLayoutConstraint.m */,
				59F41A4E1E94E6C40080051F /* Masonry.h */,
				59F41A4F1E94E6C40080051F /* MASUtilities.h */,
				59F41A501E94E6C40080051F /* MASViewAttribute.h */,
				59F41A511E94E6C40080051F /* MASViewAttribute.m */,
				59F41A521E94E6C40080051F /* MASViewConstraint.h */,
				59F41A531E94E6C40080051F /* MASViewConstraint.m */,
				59F41A541E94E6C40080051F /* NSArray+MASAdditions.h */,
				59F41A551E94E6C40080051F /* NSArray+MASAdditions.m */,
				59F41A561E94E6C40080051F /* NSArray+MASShorthandAdditions.h */,
				59F41A571E94E6C40080051F /* NSLayoutConstraint+MASDebugAdditions.h */,
				59F41A581E94E6C40080051F /* NSLayoutConstraint+MASDebugAdditions.m */,
				59F41A591E94E6C40080051F /* View+MASAdditions.h */,
				59F41A5A1E94E6C40080051F /* View+MASAdditions.m */,
				59F41A5B1E94E6C50080051F /* View+MASShorthandAdditions.h */,
				59F41A5C1E94E6C50080051F /* ViewController+MASAdditions.h */,
				59F41A5D1E94E6C50080051F /* ViewController+MASAdditions.m */,
			);
			path = Masonry;
			sourceTree = "<group>";
		};
		59F41A6B1E94E9D30080051F /* 控制台 */ = {
			isa = PBXGroup;
			children = (
				DE576A5B1E9B38DB0070155D /* 端口探测 */,
				59086E9A1E976E710069965A /* DNS */,
				5966AC961E9728CF00A5A870 /* traceroute */,
				59F41A711E94EC110080051F /* ping */,
			);
			path = "控制台";
			sourceTree = "<group>";
		};
		59F41A711E94EC110080051F /* ping */ = {
			isa = PBXGroup;
			children = (
				59F41A721E94EC110080051F /* LYTPingViewController.h */,
				59F41A731E94EC110080051F /* LYTPingViewController.m */,
				59F41A741E94EC110080051F /* LYTPingViewController.xib */,
			);
			path = ping;
			sourceTree = "<group>";
		};
		59F41A771E9618BA0080051F /* SRPingHepler */ = {
			isa = PBXGroup;
			children = (
				59F41A7E1E9618D50080051F /* PingResult.h */,
				59F41A7F1E9618D50080051F /* PingResult.m */,
				59F41A781E9618BA0080051F /* LYTSimplePing.h */,
				59F41A791E9618BA0080051F /* LYTSimplePing.m */,
				59F41A7A1E9618BA0080051F /* LYTPingHelper.h */,
				59F41A7B1E9618BA0080051F /* LYTPingHelper.m */,
			);
			path = SRPingHepler;
			sourceTree = "<group>";
		};
		DE576A5B1E9B38DB0070155D /* 端口探测 */ = {
			isa = PBXGroup;
			children = (
				DE576A5C1E9B39110070155D /* TYHPortScanController.h */,
				DE576A5D1E9B39110070155D /* TYHPortScanController.m */,
				DE576A5F1E9B39230070155D /* TYHPortScanController.xib */,
			);
			path = "端口探测";
			sourceTree = "<group>";
		};
		DEA33BAF1E835FDE00AE35F9 = {
			isa = PBXGroup;
			children = (
				DEA33BBA1E835FDE00AE35F9 /* LYTNetDiagnose */,
				DEA33BB91E835FDE00AE35F9 /* Products */,
				DEA33BDA1E8368D800AE35F9 /* Frameworks */,
			);
			sourceTree = "<group>";
		};
		DEA33BB91E835FDE00AE35F9 /* Products */ = {
			isa = PBXGroup;
			children = (
				DEA33BB81E835FDE00AE35F9 /* LYTNetDiagnose.app */,
			);
			name = Products;
			sourceTree = "<group>";
		};
		DEA33BBA1E835FDE00AE35F9 /* LYTNetDiagnose */ = {
			isa = PBXGroup;
			children = (
				594C9DFD1E964EF800B5C7D3 /* LYTDB */,
				59F41A191E94AA1E0080051F /* 第三方 */,
				DEA33BD21E83600500AE35F9 /* LYTNetDiagnoser */,
				DEA33BBE1E835FDE00AE35F9 /* AppDelegate.h */,
				DEA33BBF1E835FDE00AE35F9 /* AppDelegate.m */,
				59F419F11E949E300080051F /* LYTConfig.h */,
				59F419F21E949E300080051F /* LYTConfig.m */,
				59F419E31E949B940080051F /* MainViewController */,
				DEA33BC41E835FDE00AE35F9 /* Main.storyboard */,
				DEA33BC71E835FDE00AE35F9 /* Assets.xcassets */,
				DEA33BC91E835FDE00AE35F9 /* LaunchScreen.storyboard */,
				DEA33BCC1E835FDE00AE35F9 /* Info.plist */,
				DEA33BBB1E835FDE00AE35F9 /* Supporting Files */,
			);
			path = LYTNetDiagnose;
			sourceTree = "<group>";
		};
		DEA33BBB1E835FDE00AE35F9 /* Supporting Files */ = {
			isa = PBXGroup;
			children = (
				DEA33BBC1E835FDE00AE35F9 /* main.m */,
			);
			name = "Supporting Files";
			sourceTree = "<group>";
		};
		DEA33BD21E83600500AE35F9 /* LYTNetDiagnoser */ = {
			isa = PBXGroup;
			children = (
				5966AC9A1E972AE300A5A870 /* LYTNetTraceRoute.h */,
				5966AC9B1E972AE300A5A870 /* LYTNetTraceRoute.m */,
				59F41A771E9618BA0080051F /* SRPingHepler */,
				DEA33BD31E83601800AE35F9 /* LYTNetDiagnoser.h */,
				DEA33BD41E83601800AE35F9 /* LYTNetDiagnoser.m */,
				DEA33BD61E83687700AE35F9 /* LYTNetGetAddress.h */,
				DEA33BD71E83687700AE35F9 /* LYTNetGetAddress.m */,
				DEA33BD91E83689F00AE35F9 /* LYTRoute.h */,
				DEA33BDF1E836FAE00AE35F9 /* LYTNetWorkReqestTool.h */,
				DEA33BE01E836FAE00AE35F9 /* LYTNetWorkReqestTool.m */,
				DEA33BE21E83810400AE35F9 /* LYTNetInfo.h */,
				DEA33BE31E83810400AE35F9 /* LYTNetInfo.m */,
				DEA33BE51E83D77500AE35F9 /* LYTNetTimer.h */,
				DEA33BE61E83D77500AE35F9 /* LYTNetTimer.m */,
				DEA33BE81E83DA9100AE35F9 /* LYTPingInfo.h */,
				DEA33BE91E83DA9100AE35F9 /* LYTPingInfo.m */,
				DEA33C101E85265D00AE35F9 /* LYTColorRank.h */,
				DEA33C111E85265D00AE35F9 /* LYTColorRank.m */,
				DE576A611E9B3DED0070155D /* LYTNetConnect.h */,
				DE576A621E9B3DFD0070155D /* LYTNetConnect.m */,
			);
			path = LYTNetDiagnoser;
			sourceTree = "<group>";
		};
		DEA33BDA1E8368D800AE35F9 /* Frameworks */ = {
			isa = PBXGroup;
			children = (
				594C9DFB1E964E6300B5C7D3 /* libsqlite3.0.tbd */,
				DEA33BDD1E8368E100AE35F9 /* CoreTelephony.framework */,
				DEA33BDB1E8368D800AE35F9 /* libresolv.tbd */,
			);
			name = Frameworks;
			sourceTree = "<group>";
		};
/* End PBXGroup section */

/* Begin PBXNativeTarget section */
		DEA33BB71E835FDE00AE35F9 /* LYTNetDiagnose */ = {
			isa = PBXNativeTarget;
			buildConfigurationList = DEA33BCF1E835FDE00AE35F9 /* Build configuration list for PBXNativeTarget "LYTNetDiagnose" */;
			buildPhases = (
				DEA33BB41E835FDE00AE35F9 /* Sources */,
				DEA33BB51E835FDE00AE35F9 /* Frameworks */,
				DEA33BB61E835FDE00AE35F9 /* Resources */,
			);
			buildRules = (
			);
			dependencies = (
			);
			name = LYTNetDiagnose;
			productName = LYTNetDiagnose;
			productReference = DEA33BB81E835FDE00AE35F9 /* LYTNetDiagnose.app */;
			productType = "com.apple.product-type.application";
		};
/* End PBXNativeTarget section */

/* Begin PBXProject section */
		DEA33BB01E835FDE00AE35F9 /* Project object */ = {
			isa = PBXProject;
			attributes = {
				LastUpgradeCheck = 0820;
				ORGANIZATIONNAME = Vieene;
				TargetAttributes = {
					DEA33BB71E835FDE00AE35F9 = {
						CreatedOnToolsVersion = 8.2.1;
						DevelopmentTeam = QDH66RGJXX;
						ProvisioningStyle = Automatic;
					};
				};
			};
			buildConfigurationList = DEA33BB31E835FDE00AE35F9 /* Build configuration list for PBXProject "LYTNetDiagnose" */;
			compatibilityVersion = "Xcode 3.2";
			developmentRegion = English;
			hasScannedForEncodings = 0;
			knownRegions = (
				en,
				Base,
			);
			mainGroup = DEA33BAF1E835FDE00AE35F9;
			productRefGroup = DEA33BB91E835FDE00AE35F9 /* Products */;
			projectDirPath = "";
			projectRoot = "";
			targets = (
				DEA33BB71E835FDE00AE35F9 /* LYTNetDiagnose */,
			);
		};
/* End PBXProject section */

/* Begin PBXResourcesBuildPhase section */
		DEA33BB61E835FDE00AE35F9 /* Resources */ = {
			isa = PBXResourcesBuildPhase;
			buildActionMask = 2147483647;
			files = (
				59F419ED1E949BE50080051F /* MainViewCell.xib in Resources */,
				DEA33BCB1E835FDE00AE35F9 /* LaunchScreen.storyboard in Resources */,
				5966ACA11E97390A00A5A870 /* TracerouteViewController2.xib in Resources */,
				59F41A761E94EC110080051F /* LYTPingViewController.xib in Resources */,
				59F41A5F1E94E6C50080051F /* LICENSE in Resources */,
				DE576A601E9B39230070155D /* TYHPortScanController.xib in Resources */,
				DEA33BC81E835FDE00AE35F9 /* Assets.xcassets in Resources */,
				59086E9F1E976E8C0069965A /* LYTDNSViewController.xib in Resources */,
				DEA33BC61E835FDE00AE35F9 /* Main.storyboard in Resources */,
			);
			runOnlyForDeploymentPostprocessing = 0;
		};
/* End PBXResourcesBuildPhase section */

/* Begin PBXSourcesBuildPhase section */
		DEA33BB41E835FDE00AE35F9 /* Sources */ = {
			isa = PBXSourcesBuildPhase;
			buildActionMask = 2147483647;
			files = (
				59F41A611E94E6C50080051F /* MASConstraint.m in Sources */,
				DEA33BE11E836FAE00AE35F9 /* LYTNetWorkReqestTool.m in Sources */,
				DEA33BEA1E83DA9100AE35F9 /* LYTPingInfo.m in Sources */,
				59F41A601E94E6C50080051F /* MASCompositeConstraint.m in Sources */,
				59F41A361E94AA1E0080051F /* NSObject+MJClass.m in Sources */,
				59F41A661E94E6C50080051F /* NSArray+MASAdditions.m in Sources */,
				59F41A7D1E9618BA0080051F /* LYTPingHelper.m in Sources */,
				59F41A681E94E6C50080051F /* View+MASAdditions.m in Sources */,
				59F419E61E949B940080051F /* MainViewController.m in Sources */,
				59F41A621E94E6C50080051F /* MASConstraintMaker.m in Sources */,
				5966AC831E97230900A5A870 /* TYHBaseViewController.m in Sources */,
				59F41A6A1E94E6C50080051F /* README.md in Sources */,
				59F41A861E9619330080051F /* UIColor+Wonderful.m in Sources */,
				59F41A7C1E9618BA0080051F /* LYTSimplePing.m in Sources */,
				DEA33BD51E83601800AE35F9 /* LYTNetDiagnoser.m in Sources */,
				59F41A671E94E6C50080051F /* NSLayoutConstraint+MASDebugAdditions.m in Sources */,
				5966AC921E97243900A5A870 /* UIColor+TYHColor.m in Sources */,
				59F41A321E94AA1E0080051F /* MJFoundation.m in Sources */,
				59F41A631E94E6C50080051F /* MASLayoutConstraint.m in Sources */,
				59F41A3D1E94AA650080051F /* UIImage+Image.m in Sources */,
				59F41A801E9618D50080051F /* PingResult.m in Sources */,
				59F41A391E94AA1E0080051F /* NSObject+MJProperty.m in Sources */,
				59F41A3A1E94AA1E0080051F /* NSString+MJExtension.m in Sources */,
				DEA33BC01E835FDE00AE35F9 /* AppDelegate.m in Sources */,
				594C9E001E964EF800B5C7D3 /* LYTSDKDataBase.m in Sources */,
				594C9DF71E964E2100B5C7D3 /* LYTDatabaseAdditions.m in Sources */,
				5966AC9C1E972AE300A5A870 /* LYTNetTraceRoute.m in Sources */,
				594C9E061E9650C000B5C7D3 /* LYTSDKDataBase+LYTServersList.m in Sources */,
				59F41A381E94AA1E0080051F /* NSObject+MJKeyValue.m in Sources */,
				594C9DF81E964E2100B5C7D3 /* LYTDatabasePool.m in Sources */,
				59F41A341E94AA1E0080051F /* MJPropertyKey.m in Sources */,
				59F41A641E94E6C50080051F /* MASViewAttribute.m in Sources */,
				5966AC951E97244B00A5A870 /* UIImage+CH.m in Sources */,
				59F41A351E94AA1E0080051F /* MJPropertyType.m in Sources */,
				DEA33BE41E83810400AE35F9 /* LYTNetInfo.m in Sources */,
				DE576A661E9B64980070155D /* NSString+NetTool.m in Sources */,
				594C9DFA1E964E2100B5C7D3 /* LYTResultSet.m in Sources */,
				59F419EC1E949BE50080051F /* MainViewCell.m in Sources */,
				59F41A851E9619330080051F /* UIColor+Separate.m in Sources */,
				5966AC8F1E97242B00A5A870 /* UIImage+GreyImage.m in Sources */,
				DEA33BD81E83687700AE35F9 /* LYTNetGetAddress.m in Sources */,
				59086E9E1E976E8C0069965A /* LYTDNSViewController.m in Sources */,
				DE576A5E1E9B39110070155D /* TYHPortScanController.m in Sources */,
				59F41A411E94E4C00080051F /* LYTScreenView.m in Sources */,
				5966AC8C1E97241A00A5A870 /* UIImage+Round.m in Sources */,
				DE576A631E9B3DFD0070155D /* LYTNetConnect.m in Sources */,
				5966AC861E9723B000A5A870 /* TYHbaseNavigationVC.m in Sources */,
				59F41A371E94AA1E0080051F /* NSObject+MJCoding.m in Sources */,
				59F41A691E94E6C50080051F /* ViewController+MASAdditions.m in Sources */,
				DEA33BBD1E835FDE00AE35F9 /* main.m in Sources */,
				594C9DF61E964E2100B5C7D3 /* LYTDatabase.m in Sources */,
				59F419F01E949D4D0080051F /* MainViewModel.m in Sources */,
				DEA33C121E85265D00AE35F9 /* LYTColorRank.m in Sources */,
				59F41A751E94EC110080051F /* LYTPingViewController.m in Sources */,
				5966ACA01E97390A00A5A870 /* TracerouteViewController2.m in Sources */,
				59F41A331E94AA1E0080051F /* MJProperty.m in Sources */,
				59F41A311E94AA1E0080051F /* MJExtensionConst.m in Sources */,
				59F41A891E9619460080051F /* UIView+Extension.m in Sources */,
				59F419F31E949E300080051F /* LYTConfig.m in Sources */,
				59F41A651E94E6C50080051F /* MASViewConstraint.m in Sources */,
				DEA33BE71E83D77500AE35F9 /* LYTNetTimer.m in Sources */,
				594C9DF91E964E2100B5C7D3 /* LYTDatabaseQueue.m in Sources */,
			);
			runOnlyForDeploymentPostprocessing = 0;
		};
/* End PBXSourcesBuildPhase section */

/* Begin PBXVariantGroup section */
		DEA33BC41E835FDE00AE35F9 /* Main.storyboard */ = {
			isa = PBXVariantGroup;
			children = (
				DEA33BC51E835FDE00AE35F9 /* Base */,
			);
			name = Main.storyboard;
			sourceTree = "<group>";
		};
		DEA33BC91E835FDE00AE35F9 /* LaunchScreen.storyboard */ = {
			isa = PBXVariantGroup;
			children = (
				DEA33BCA1E835FDE00AE35F9 /* Base */,
			);
			name = LaunchScreen.storyboard;
			sourceTree = "<group>";
		};
/* End PBXVariantGroup section */

/* Begin XCBuildConfiguration section */
		DEA33BCD1E835FDE00AE35F9 /* Debug */ = {
			isa = XCBuildConfiguration;
			buildSettings = {
				ALWAYS_SEARCH_USER_PATHS = NO;
				CLANG_ANALYZER_NONNULL = YES;
				CLANG_CXX_LANGUAGE_STANDARD = "gnu++0x";
				CLANG_CXX_LIBRARY = "libc++";
				CLANG_ENABLE_MODULES = YES;
				CLANG_ENABLE_OBJC_ARC = YES;
				CLANG_WARN_BOOL_CONVERSION = YES;
				CLANG_WARN_CONSTANT_CONVERSION = YES;
				CLANG_WARN_DIRECT_OBJC_ISA_USAGE = YES_ERROR;
				CLANG_WARN_DOCUMENTATION_COMMENTS = YES;
				CLANG_WARN_EMPTY_BODY = YES;
				CLANG_WARN_ENUM_CONVERSION = YES;
				CLANG_WARN_INFINITE_RECURSION = YES;
				CLANG_WARN_INT_CONVERSION = YES;
				CLANG_WARN_OBJC_ROOT_CLASS = YES_ERROR;
				CLANG_WARN_SUSPICIOUS_MOVE = YES;
				CLANG_WARN_UNREACHABLE_CODE = YES;
				CLANG_WARN__DUPLICATE_METHOD_MATCH = YES;
				"CODE_SIGN_IDENTITY[sdk=iphoneos*]" = "iPhone Developer";
				COPY_PHASE_STRIP = NO;
				DEBUG_INFORMATION_FORMAT = dwarf;
				ENABLE_STRICT_OBJC_MSGSEND = YES;
				ENABLE_TESTABILITY = YES;
				GCC_C_LANGUAGE_STANDARD = gnu99;
				GCC_DYNAMIC_NO_PIC = NO;
				GCC_NO_COMMON_BLOCKS = YES;
				GCC_OPTIMIZATION_LEVEL = 0;
				GCC_PREPROCESSOR_DEFINITIONS = (
					"DEBUG=1",
					"$(inherited)",
				);
				GCC_WARN_64_TO_32_BIT_CONVERSION = YES;
				GCC_WARN_ABOUT_RETURN_TYPE = YES_ERROR;
				GCC_WARN_UNDECLARED_SELECTOR = YES;
				GCC_WARN_UNINITIALIZED_AUTOS = YES_AGGRESSIVE;
				GCC_WARN_UNUSED_FUNCTION = YES;
				GCC_WARN_UNUSED_VARIABLE = YES;
				IPHONEOS_DEPLOYMENT_TARGET = 10.2;
				MTL_ENABLE_DEBUG_INFO = YES;
				ONLY_ACTIVE_ARCH = YES;
				SDKROOT = iphoneos;
			};
			name = Debug;
		};
		DEA33BCE1E835FDE00AE35F9 /* Release */ = {
			isa = XCBuildConfiguration;
			buildSettings = {
				ALWAYS_SEARCH_USER_PATHS = NO;
				CLANG_ANALYZER_NONNULL = YES;
				CLANG_CXX_LANGUAGE_STANDARD = "gnu++0x";
				CLANG_CXX_LIBRARY = "libc++";
				CLANG_ENABLE_MODULES = YES;
				CLANG_ENABLE_OBJC_ARC = YES;
				CLANG_WARN_BOOL_CONVERSION = YES;
				CLANG_WARN_CONSTANT_CONVERSION = YES;
				CLANG_WARN_DIRECT_OBJC_ISA_USAGE = YES_ERROR;
				CLANG_WARN_DOCUMENTATION_COMMENTS = YES;
				CLANG_WARN_EMPTY_BODY = YES;
				CLANG_WARN_ENUM_CONVERSION = YES;
				CLANG_WARN_INFINITE_RECURSION = YES;
				CLANG_WARN_INT_CONVERSION = YES;
				CLANG_WARN_OBJC_ROOT_CLASS = YES_ERROR;
				CLANG_WARN_SUSPICIOUS_MOVE = YES;
				CLANG_WARN_UNREACHABLE_CODE = YES;
				CLANG_WARN__DUPLICATE_METHOD_MATCH = YES;
				"CODE_SIGN_IDENTITY[sdk=iphoneos*]" = "iPhone Developer";
				COPY_PHASE_STRIP = NO;
				DEBUG_INFORMATION_FORMAT = "dwarf-with-dsym";
				ENABLE_NS_ASSERTIONS = NO;
				ENABLE_STRICT_OBJC_MSGSEND = YES;
				GCC_C_LANGUAGE_STANDARD = gnu99;
				GCC_NO_COMMON_BLOCKS = YES;
				GCC_WARN_64_TO_32_BIT_CONVERSION = YES;
				GCC_WARN_ABOUT_RETURN_TYPE = YES_ERROR;
				GCC_WARN_UNDECLARED_SELECTOR = YES;
				GCC_WARN_UNINITIALIZED_AUTOS = YES_AGGRESSIVE;
				GCC_WARN_UNUSED_FUNCTION = YES;
				GCC_WARN_UNUSED_VARIABLE = YES;
				IPHONEOS_DEPLOYMENT_TARGET = 10.2;
				MTL_ENABLE_DEBUG_INFO = NO;
				SDKROOT = iphoneos;
				VALIDATE_PRODUCT = YES;
			};
			name = Release;
		};
		DEA33BD01E835FDE00AE35F9 /* Debug */ = {
			isa = XCBuildConfiguration;
			buildSettings = {
				ASSETCATALOG_COMPILER_APPICON_NAME = AppIcon;
				DEVELOPMENT_TEAM = QDH66RGJXX;
				INFOPLIST_FILE = LYTNetDiagnose/Info.plist;
				LD_RUNPATH_SEARCH_PATHS = "$(inherited) @executable_path/Frameworks";
				PRODUCT_BUNDLE_IDENTIFIER = hhly.LYTNetDiagnose;
				PRODUCT_NAME = "$(TARGET_NAME)";
			};
			name = Debug;
		};
		DEA33BD11E835FDE00AE35F9 /* Release */ = {
			isa = XCBuildConfiguration;
			buildSettings = {
				ASSETCATALOG_COMPILER_APPICON_NAME = AppIcon;
				DEVELOPMENT_TEAM = QDH66RGJXX;
				INFOPLIST_FILE = LYTNetDiagnose/Info.plist;
				LD_RUNPATH_SEARCH_PATHS = "$(inherited) @executable_path/Frameworks";
				PRODUCT_BUNDLE_IDENTIFIER = hhly.LYTNetDiagnose;
				PRODUCT_NAME = "$(TARGET_NAME)";
			};
			name = Release;
		};
/* End XCBuildConfiguration section */

/* Begin XCConfigurationList section */
		DEA33BB31E835FDE00AE35F9 /* Build configuration list for PBXProject "LYTNetDiagnose" */ = {
			isa = XCConfigurationList;
			buildConfigurations = (
				DEA33BCD1E835FDE00AE35F9 /* Debug */,
				DEA33BCE1E835FDE00AE35F9 /* Release */,
			);
			defaultConfigurationIsVisible = 0;
			defaultConfigurationName = Release;
		};
		DEA33BCF1E835FDE00AE35F9 /* Build configuration list for PBXNativeTarget "LYTNetDiagnose" */ = {
			isa = XCConfigurationList;
			buildConfigurations = (
				DEA33BD01E835FDE00AE35F9 /* Debug */,
				DEA33BD11E835FDE00AE35F9 /* Release */,
			);
			defaultConfigurationIsVisible = 0;
			defaultConfigurationName = Release;
		};
/* End XCConfigurationList section */
	};
	rootObject = DEA33BB01E835FDE00AE35F9 /* Project object */;
}
