// !$*UTF8*$!
{
	archiveVersion = 1;
	classes = {
	};
	objectVersion = 46;
	objects = {

/* Begin PBXBuildFile section */
		59F419E61E949B940080051F /* MainViewController.m in Sources */ = {isa = PBXBuildFile; fileRef = 59F419E51E949B940080051F /* MainViewController.m */; };
		59F419EC1E949BE50080051F /* MainViewCell.m in Sources */ = {isa = PBXBuildFile; fileRef = 59F419EA1E949BE50080051F /* MainViewCell.m */; };
		59F419ED1E949BE50080051F /* MainViewCell.xib in Resources */ = {isa = PBXBuildFile; fileRef = 59F419EB1E949BE50080051F /* MainViewCell.xib */; };
		59F419F01E949D4D0080051F /* MainViewModel.m in Sources */ = {isa = PBXBuildFile; fileRef = 59F419EF1E949D4D0080051F /* MainViewModel.m */; };
		59F419F31E949E300080051F /* LYTConfig.m in Sources */ = {isa = PBXBuildFile; fileRef = 59F419F21E949E300080051F /* LYTConfig.m */; };
		59F41A0D1E94A2470080051F /* LICENSE in Resources */ = {isa = PBXBuildFile; fileRef = 59F419F51E94A2470080051F /* LICENSE */; };
		59F41A0E1E94A2470080051F /* MJExtensionConst.m in Sources */ = {isa = PBXBuildFile; fileRef = 59F419F91E94A2470080051F /* MJExtensionConst.m */; };
		59F41A0F1E94A2470080051F /* MJFoundation.m in Sources */ = {isa = PBXBuildFile; fileRef = 59F419FB1E94A2470080051F /* MJFoundation.m */; };
		59F41A101E94A2470080051F /* MJProperty.m in Sources */ = {isa = PBXBuildFile; fileRef = 59F419FD1E94A2470080051F /* MJProperty.m */; };
		59F41A111E94A2470080051F /* MJPropertyKey.m in Sources */ = {isa = PBXBuildFile; fileRef = 59F419FF1E94A2470080051F /* MJPropertyKey.m */; };
		59F41A121E94A2470080051F /* MJPropertyType.m in Sources */ = {isa = PBXBuildFile; fileRef = 59F41A011E94A2470080051F /* MJPropertyType.m */; };
		59F41A131E94A2470080051F /* NSObject+MJClass.m in Sources */ = {isa = PBXBuildFile; fileRef = 59F41A031E94A2470080051F /* NSObject+MJClass.m */; };
		59F41A141E94A2470080051F /* NSObject+MJCoding.m in Sources */ = {isa = PBXBuildFile; fileRef = 59F41A051E94A2470080051F /* NSObject+MJCoding.m */; };
		59F41A151E94A2470080051F /* NSObject+MJKeyValue.m in Sources */ = {isa = PBXBuildFile; fileRef = 59F41A071E94A2470080051F /* NSObject+MJKeyValue.m */; };
		59F41A161E94A2470080051F /* NSObject+MJProperty.m in Sources */ = {isa = PBXBuildFile; fileRef = 59F41A091E94A2470080051F /* NSObject+MJProperty.m */; };
		59F41A171E94A2470080051F /* NSString+MJExtension.m in Sources */ = {isa = PBXBuildFile; fileRef = 59F41A0B1E94A2470080051F /* NSString+MJExtension.m */; };
		59F41A181E94A2470080051F /* README.md in Sources */ = {isa = PBXBuildFile; fileRef = 59F41A0C1E94A2470080051F /* README.md */; };
		DE086A981E88EF37009E2F2B /* LYTPingViewController.m in Sources */ = {isa = PBXBuildFile; fileRef = DE086A961E88EF37009E2F2B /* LYTPingViewController.m */; };
		DE086A991E88EF37009E2F2B /* LYTPingViewController.xib in Resources */ = {isa = PBXBuildFile; fileRef = DE086A971E88EF37009E2F2B /* LYTPingViewController.xib */; };
		DE5CEB221E87A7AD001EFF7E /* LYTHomeLabelButton.m in Sources */ = {isa = PBXBuildFile; fileRef = DE5CEB211E87A7AD001EFF7E /* LYTHomeLabelButton.m */; };
		DE5CEB251E87B128001EFF7E /* UIView+Extension.m in Sources */ = {isa = PBXBuildFile; fileRef = DE5CEB241E87B128001EFF7E /* UIView+Extension.m */; };
		DEA33BBD1E835FDE00AE35F9 /* main.m in Sources */ = {isa = PBXBuildFile; fileRef = DEA33BBC1E835FDE00AE35F9 /* main.m */; };
		DEA33BC01E835FDE00AE35F9 /* AppDelegate.m in Sources */ = {isa = PBXBuildFile; fileRef = DEA33BBF1E835FDE00AE35F9 /* AppDelegate.m */; };
		DEA33BC61E835FDE00AE35F9 /* Main.storyboard in Resources */ = {isa = PBXBuildFile; fileRef = DEA33BC41E835FDE00AE35F9 /* Main.storyboard */; };
		DEA33BC81E835FDE00AE35F9 /* Assets.xcassets in Resources */ = {isa = PBXBuildFile; fileRef = DEA33BC71E835FDE00AE35F9 /* Assets.xcassets */; };
		DEA33BCB1E835FDE00AE35F9 /* LaunchScreen.storyboard in Resources */ = {isa = PBXBuildFile; fileRef = DEA33BC91E835FDE00AE35F9 /* LaunchScreen.storyboard */; };
		DEA33BD51E83601800AE35F9 /* LYTNetDiagnoser.m in Sources */ = {isa = PBXBuildFile; fileRef = DEA33BD41E83601800AE35F9 /* LYTNetDiagnoser.m */; };
		DEA33BD81E83687700AE35F9 /* LYTNetGetAddress.m in Sources */ = {isa = PBXBuildFile; fileRef = DEA33BD71E83687700AE35F9 /* LYTNetGetAddress.m */; };
		DEA33BDC1E8368D800AE35F9 /* libresolv.tbd in Frameworks */ = {isa = PBXBuildFile; fileRef = DEA33BDB1E8368D800AE35F9 /* libresolv.tbd */; };
		DEA33BDE1E8368E100AE35F9 /* CoreTelephony.framework in Frameworks */ = {isa = PBXBuildFile; fileRef = DEA33BDD1E8368E100AE35F9 /* CoreTelephony.framework */; };
		DEA33BE11E836FAE00AE35F9 /* LYTNetWorkReqestTool.m in Sources */ = {isa = PBXBuildFile; fileRef = DEA33BE01E836FAE00AE35F9 /* LYTNetWorkReqestTool.m */; };
		DEA33BE41E83810400AE35F9 /* LYTNetInfo.m in Sources */ = {isa = PBXBuildFile; fileRef = DEA33BE31E83810400AE35F9 /* LYTNetInfo.m */; };
		DEA33BE71E83D77500AE35F9 /* LYTNetTimer.m in Sources */ = {isa = PBXBuildFile; fileRef = DEA33BE61E83D77500AE35F9 /* LYTNetTimer.m */; };
		DEA33BEA1E83DA9100AE35F9 /* LYTPingInfo.m in Sources */ = {isa = PBXBuildFile; fileRef = DEA33BE91E83DA9100AE35F9 /* LYTPingInfo.m */; };
		DEA33BED1E84C5BD00AE35F9 /* LYTNetPing.m in Sources */ = {isa = PBXBuildFile; fileRef = DEA33BEC1E84C5BD00AE35F9 /* LYTNetPing.m */; };
		DEA33BF01E84C5C600AE35F9 /* LYTSimplePing.m in Sources */ = {isa = PBXBuildFile; fileRef = DEA33BEF1E84C5C600AE35F9 /* LYTSimplePing.m */; };
		DEA33BF41E85079500AE35F9 /* LYTWaterflowViewController.m in Sources */ = {isa = PBXBuildFile; fileRef = DEA33BF31E85079500AE35F9 /* LYTWaterflowViewController.m */; };
		DEA33BFB1E8507F000AE35F9 /* LYTPingLayout.m in Sources */ = {isa = PBXBuildFile; fileRef = DEA33BF71E8507F000AE35F9 /* LYTPingLayout.m */; };
		DEA33BFC1E8507F000AE35F9 /* LYTPingLayoutCell.m in Sources */ = {isa = PBXBuildFile; fileRef = DEA33BF91E8507F000AE35F9 /* LYTPingLayoutCell.m */; };
		DEA33BFD1E8507F000AE35F9 /* LYTPingLayoutCell.xib in Resources */ = {isa = PBXBuildFile; fileRef = DEA33BFA1E8507F000AE35F9 /* LYTPingLayoutCell.xib */; };
		DEA33C081E85080300AE35F9 /* LYTWaterflowLayout.m in Sources */ = {isa = PBXBuildFile; fileRef = DEA33C071E85080300AE35F9 /* LYTWaterflowLayout.m */; };
		DEA33C0B1E8522A400AE35F9 /* UIColor+Wonderful.m in Sources */ = {isa = PBXBuildFile; fileRef = DEA33C091E8522A400AE35F9 /* UIColor+Wonderful.m */; };
		DEA33C0F1E8522F200AE35F9 /* UIColor+Separate.m in Sources */ = {isa = PBXBuildFile; fileRef = DEA33C0E1E8522F200AE35F9 /* UIColor+Separate.m */; };
		DEA33C121E85265D00AE35F9 /* LYTColorRank.m in Sources */ = {isa = PBXBuildFile; fileRef = DEA33C111E85265D00AE35F9 /* LYTColorRank.m */; };
/* End PBXBuildFile section */

/* Begin PBXFileReference section */
		59F419E41E949B940080051F /* MainViewController.h */ = {isa = PBXFileReference; fileEncoding = 4; lastKnownFileType = sourcecode.c.h; path = MainViewController.h; sourceTree = "<group>"; };
		59F419E51E949B940080051F /* MainViewController.m */ = {isa = PBXFileReference; fileEncoding = 4; lastKnownFileType = sourcecode.c.objc; path = MainViewController.m; sourceTree = "<group>"; };
		59F419E91E949BE50080051F /* MainViewCell.h */ = {isa = PBXFileReference; fileEncoding = 4; lastKnownFileType = sourcecode.c.h; path = MainViewCell.h; sourceTree = "<group>"; };
		59F419EA1E949BE50080051F /* MainViewCell.m */ = {isa = PBXFileReference; fileEncoding = 4; lastKnownFileType = sourcecode.c.objc; path = MainViewCell.m; sourceTree = "<group>"; };
		59F419EB1E949BE50080051F /* MainViewCell.xib */ = {isa = PBXFileReference; fileEncoding = 4; lastKnownFileType = file.xib; path = MainViewCell.xib; sourceTree = "<group>"; };
		59F419EE1E949D4D0080051F /* MainViewModel.h */ = {isa = PBXFileReference; fileEncoding = 4; lastKnownFileType = sourcecode.c.h; path = MainViewModel.h; sourceTree = "<group>"; };
		59F419EF1E949D4D0080051F /* MainViewModel.m */ = {isa = PBXFileReference; fileEncoding = 4; lastKnownFileType = sourcecode.c.objc; path = MainViewModel.m; sourceTree = "<group>"; };
		59F419F11E949E300080051F /* LYTConfig.h */ = {isa = PBXFileReference; fileEncoding = 4; lastKnownFileType = sourcecode.c.h; path = LYTConfig.h; sourceTree = "<group>"; };
		59F419F21E949E300080051F /* LYTConfig.m */ = {isa = PBXFileReference; fileEncoding = 4; lastKnownFileType = sourcecode.c.objc; path = LYTConfig.m; sourceTree = "<group>"; };
		59F419F51E94A2470080051F /* LICENSE */ = {isa = PBXFileReference; fileEncoding = 4; lastKnownFileType = text; path = LICENSE; sourceTree = "<group>"; };
		59F419F71E94A2470080051F /* MJExtension.h */ = {isa = PBXFileReference; fileEncoding = 4; lastKnownFileType = sourcecode.c.h; path = MJExtension.h; sourceTree = "<group>"; };
		59F419F81E94A2470080051F /* MJExtensionConst.h */ = {isa = PBXFileReference; fileEncoding = 4; lastKnownFileType = sourcecode.c.h; path = MJExtensionConst.h; sourceTree = "<group>"; };
		59F419F91E94A2470080051F /* MJExtensionConst.m */ = {isa = PBXFileReference; fileEncoding = 4; lastKnownFileType = sourcecode.c.objc; path = MJExtensionConst.m; sourceTree = "<group>"; };
		59F419FA1E94A2470080051F /* MJFoundation.h */ = {isa = PBXFileReference; fileEncoding = 4; lastKnownFileType = sourcecode.c.h; path = MJFoundation.h; sourceTree = "<group>"; };
		59F419FB1E94A2470080051F /* MJFoundation.m */ = {isa = PBXFileReference; fileEncoding = 4; lastKnownFileType = sourcecode.c.objc; path = MJFoundation.m; sourceTree = "<group>"; };
		59F419FC1E94A2470080051F /* MJProperty.h */ = {isa = PBXFileReference; fileEncoding = 4; lastKnownFileType = sourcecode.c.h; path = MJProperty.h; sourceTree = "<group>"; };
		59F419FD1E94A2470080051F /* MJProperty.m */ = {isa = PBXFileReference; fileEncoding = 4; lastKnownFileType = sourcecode.c.objc; path = MJProperty.m; sourceTree = "<group>"; };
		59F419FE1E94A2470080051F /* MJPropertyKey.h */ = {isa = PBXFileReference; fileEncoding = 4; lastKnownFileType = sourcecode.c.h; path = MJPropertyKey.h; sourceTree = "<group>"; };
		59F419FF1E94A2470080051F /* MJPropertyKey.m */ = {isa = PBXFileReference; fileEncoding = 4; lastKnownFileType = sourcecode.c.objc; path = MJPropertyKey.m; sourceTree = "<group>"; };
		59F41A001E94A2470080051F /* MJPropertyType.h */ = {isa = PBXFileReference; fileEncoding = 4; lastKnownFileType = sourcecode.c.h; path = MJPropertyType.h; sourceTree = "<group>"; };
		59F41A011E94A2470080051F /* MJPropertyType.m */ = {isa = PBXFileReference; fileEncoding = 4; lastKnownFileType = sourcecode.c.objc; path = MJPropertyType.m; sourceTree = "<group>"; };
		59F41A021E94A2470080051F /* NSObject+MJClass.h */ = {isa = PBXFileReference; fileEncoding = 4; lastKnownFileType = sourcecode.c.h; path = "NSObject+MJClass.h"; sourceTree = "<group>"; };
		59F41A031E94A2470080051F /* NSObject+MJClass.m */ = {isa = PBXFileReference; fileEncoding = 4; lastKnownFileType = sourcecode.c.objc; path = "NSObject+MJClass.m"; sourceTree = "<group>"; };
		59F41A041E94A2470080051F /* NSObject+MJCoding.h */ = {isa = PBXFileReference; fileEncoding = 4; lastKnownFileType = sourcecode.c.h; path = "NSObject+MJCoding.h"; sourceTree = "<group>"; };
		59F41A051E94A2470080051F /* NSObject+MJCoding.m */ = {isa = PBXFileReference; fileEncoding = 4; lastKnownFileType = sourcecode.c.objc; path = "NSObject+MJCoding.m"; sourceTree = "<group>"; };
		59F41A061E94A2470080051F /* NSObject+MJKeyValue.h */ = {isa = PBXFileReference; fileEncoding = 4; lastKnownFileType = sourcecode.c.h; path = "NSObject+MJKeyValue.h"; sourceTree = "<group>"; };
		59F41A071E94A2470080051F /* NSObject+MJKeyValue.m */ = {isa = PBXFileReference; fileEncoding = 4; lastKnownFileType = sourcecode.c.objc; path = "NSObject+MJKeyValue.m"; sourceTree = "<group>"; };
		59F41A081E94A2470080051F /* NSObject+MJProperty.h */ = {isa = PBXFileReference; fileEncoding = 4; lastKnownFileType = sourcecode.c.h; path = "NSObject+MJProperty.h"; sourceTree = "<group>"; };
		59F41A091E94A2470080051F /* NSObject+MJProperty.m */ = {isa = PBXFileReference; fileEncoding = 4; lastKnownFileType = sourcecode.c.objc; path = "NSObject+MJProperty.m"; sourceTree = "<group>"; };
		59F41A0A1E94A2470080051F /* NSString+MJExtension.h */ = {isa = PBXFileReference; fileEncoding = 4; lastKnownFileType = sourcecode.c.h; path = "NSString+MJExtension.h"; sourceTree = "<group>"; };
		59F41A0B1E94A2470080051F /* NSString+MJExtension.m */ = {isa = PBXFileReference; fileEncoding = 4; lastKnownFileType = sourcecode.c.objc; path = "NSString+MJExtension.m"; sourceTree = "<group>"; };
		59F41A0C1E94A2470080051F /* README.md */ = {isa = PBXFileReference; fileEncoding = 4; lastKnownFileType = net.daringfireball.markdown; path = README.md; sourceTree = "<group>"; };
		DE086A951E88EF37009E2F2B /* LYTPingViewController.h */ = {isa = PBXFileReference; fileEncoding = 4; lastKnownFileType = sourcecode.c.h; path = LYTPingViewController.h; sourceTree = "<group>"; };
		DE086A961E88EF37009E2F2B /* LYTPingViewController.m */ = {isa = PBXFileReference; fileEncoding = 4; lastKnownFileType = sourcecode.c.objc; path = LYTPingViewController.m; sourceTree = "<group>"; };
		DE086A971E88EF37009E2F2B /* LYTPingViewController.xib */ = {isa = PBXFileReference; fileEncoding = 4; lastKnownFileType = file.xib; path = LYTPingViewController.xib; sourceTree = "<group>"; };
		DE5CEB201E87A7AD001EFF7E /* LYTHomeLabelButton.h */ = {isa = PBXFileReference; fileEncoding = 4; lastKnownFileType = sourcecode.c.h; path = LYTHomeLabelButton.h; sourceTree = "<group>"; };
		DE5CEB211E87A7AD001EFF7E /* LYTHomeLabelButton.m */ = {isa = PBXFileReference; fileEncoding = 4; lastKnownFileType = sourcecode.c.objc; path = LYTHomeLabelButton.m; sourceTree = "<group>"; };
		DE5CEB231E87B128001EFF7E /* UIView+Extension.h */ = {isa = PBXFileReference; fileEncoding = 4; lastKnownFileType = sourcecode.c.h; path = "UIView+Extension.h"; sourceTree = "<group>"; };
		DE5CEB241E87B128001EFF7E /* UIView+Extension.m */ = {isa = PBXFileReference; fileEncoding = 4; lastKnownFileType = sourcecode.c.objc; path = "UIView+Extension.m"; sourceTree = "<group>"; };
		DEA33BB81E835FDE00AE35F9 /* LYTNetDiagnose.app */ = {isa = PBXFileReference; explicitFileType = wrapper.application; includeInIndex = 0; path = LYTNetDiagnose.app; sourceTree = BUILT_PRODUCTS_DIR; };
		DEA33BBC1E835FDE00AE35F9 /* main.m */ = {isa = PBXFileReference; lastKnownFileType = sourcecode.c.objc; path = main.m; sourceTree = "<group>"; };
		DEA33BBE1E835FDE00AE35F9 /* AppDelegate.h */ = {isa = PBXFileReference; lastKnownFileType = sourcecode.c.h; path = AppDelegate.h; sourceTree = "<group>"; };
		DEA33BBF1E835FDE00AE35F9 /* AppDelegate.m */ = {isa = PBXFileReference; lastKnownFileType = sourcecode.c.objc; path = AppDelegate.m; sourceTree = "<group>"; };
		DEA33BC51E835FDE00AE35F9 /* Base */ = {isa = PBXFileReference; lastKnownFileType = file.storyboard; name = Base; path = Base.lproj/Main.storyboard; sourceTree = "<group>"; };
		DEA33BC71E835FDE00AE35F9 /* Assets.xcassets */ = {isa = PBXFileReference; lastKnownFileType = folder.assetcatalog; path = Assets.xcassets; sourceTree = "<group>"; };
		DEA33BCA1E835FDE00AE35F9 /* Base */ = {isa = PBXFileReference; lastKnownFileType = file.storyboard; name = Base; path = Base.lproj/LaunchScreen.storyboard; sourceTree = "<group>"; };
		DEA33BCC1E835FDE00AE35F9 /* Info.plist */ = {isa = PBXFileReference; lastKnownFileType = text.plist.xml; path = Info.plist; sourceTree = "<group>"; };
		DEA33BD31E83601800AE35F9 /* LYTNetDiagnoser.h */ = {isa = PBXFileReference; fileEncoding = 4; lastKnownFileType = sourcecode.c.h; path = LYTNetDiagnoser.h; sourceTree = "<group>"; };
		DEA33BD41E83601800AE35F9 /* LYTNetDiagnoser.m */ = {isa = PBXFileReference; fileEncoding = 4; lastKnownFileType = sourcecode.c.objc; path = LYTNetDiagnoser.m; sourceTree = "<group>"; };
		DEA33BD61E83687700AE35F9 /* LYTNetGetAddress.h */ = {isa = PBXFileReference; fileEncoding = 4; lastKnownFileType = sourcecode.c.h; path = LYTNetGetAddress.h; sourceTree = "<group>"; };
		DEA33BD71E83687700AE35F9 /* LYTNetGetAddress.m */ = {isa = PBXFileReference; fileEncoding = 4; lastKnownFileType = sourcecode.c.objc; path = LYTNetGetAddress.m; sourceTree = "<group>"; };
		DEA33BD91E83689F00AE35F9 /* LYTRoute.h */ = {isa = PBXFileReference; lastKnownFileType = sourcecode.c.h; path = LYTRoute.h; sourceTree = "<group>"; };
		DEA33BDB1E8368D800AE35F9 /* libresolv.tbd */ = {isa = PBXFileReference; lastKnownFileType = "sourcecode.text-based-dylib-definition"; name = libresolv.tbd; path = usr/lib/libresolv.tbd; sourceTree = SDKROOT; };
		DEA33BDD1E8368E100AE35F9 /* CoreTelephony.framework */ = {isa = PBXFileReference; lastKnownFileType = wrapper.framework; name = CoreTelephony.framework; path = System/Library/Frameworks/CoreTelephony.framework; sourceTree = SDKROOT; };
		DEA33BDF1E836FAE00AE35F9 /* LYTNetWorkReqestTool.h */ = {isa = PBXFileReference; fileEncoding = 4; lastKnownFileType = sourcecode.c.h; path = LYTNetWorkReqestTool.h; sourceTree = "<group>"; };
		DEA33BE01E836FAE00AE35F9 /* LYTNetWorkReqestTool.m */ = {isa = PBXFileReference; fileEncoding = 4; lastKnownFileType = sourcecode.c.objc; path = LYTNetWorkReqestTool.m; sourceTree = "<group>"; };
		DEA33BE21E83810400AE35F9 /* LYTNetInfo.h */ = {isa = PBXFileReference; fileEncoding = 4; lastKnownFileType = sourcecode.c.h; path = LYTNetInfo.h; sourceTree = "<group>"; };
		DEA33BE31E83810400AE35F9 /* LYTNetInfo.m */ = {isa = PBXFileReference; fileEncoding = 4; lastKnownFileType = sourcecode.c.objc; path = LYTNetInfo.m; sourceTree = "<group>"; };
		DEA33BE51E83D77500AE35F9 /* LYTNetTimer.h */ = {isa = PBXFileReference; fileEncoding = 4; lastKnownFileType = sourcecode.c.h; path = LYTNetTimer.h; sourceTree = "<group>"; };
		DEA33BE61E83D77500AE35F9 /* LYTNetTimer.m */ = {isa = PBXFileReference; fileEncoding = 4; lastKnownFileType = sourcecode.c.objc; path = LYTNetTimer.m; sourceTree = "<group>"; };
		DEA33BE81E83DA9100AE35F9 /* LYTPingInfo.h */ = {isa = PBXFileReference; fileEncoding = 4; lastKnownFileType = sourcecode.c.h; path = LYTPingInfo.h; sourceTree = "<group>"; };
		DEA33BE91E83DA9100AE35F9 /* LYTPingInfo.m */ = {isa = PBXFileReference; fileEncoding = 4; lastKnownFileType = sourcecode.c.objc; path = LYTPingInfo.m; sourceTree = "<group>"; };
		DEA33BEB1E84C5BD00AE35F9 /* LYTNetPing.h */ = {isa = PBXFileReference; fileEncoding = 4; lastKnownFileType = sourcecode.c.h; path = LYTNetPing.h; sourceTree = "<group>"; };
		DEA33BEC1E84C5BD00AE35F9 /* LYTNetPing.m */ = {isa = PBXFileReference; fileEncoding = 4; lastKnownFileType = sourcecode.c.objc; path = LYTNetPing.m; sourceTree = "<group>"; };
		DEA33BEE1E84C5C600AE35F9 /* LYTSimplePing.h */ = {isa = PBXFileReference; fileEncoding = 4; lastKnownFileType = sourcecode.c.h; path = LYTSimplePing.h; sourceTree = "<group>"; };
		DEA33BEF1E84C5C600AE35F9 /* LYTSimplePing.m */ = {isa = PBXFileReference; fileEncoding = 4; lastKnownFileType = sourcecode.c.objc; path = LYTSimplePing.m; sourceTree = "<group>"; };
		DEA33BF21E85079500AE35F9 /* LYTWaterflowViewController.h */ = {isa = PBXFileReference; fileEncoding = 4; lastKnownFileType = sourcecode.c.h; path = LYTWaterflowViewController.h; sourceTree = "<group>"; };
		DEA33BF31E85079500AE35F9 /* LYTWaterflowViewController.m */ = {isa = PBXFileReference; fileEncoding = 4; lastKnownFileType = sourcecode.c.objc; path = LYTWaterflowViewController.m; sourceTree = "<group>"; };
		DEA33BF61E8507F000AE35F9 /* LYTPingLayout.h */ = {isa = PBXFileReference; fileEncoding = 4; lastKnownFileType = sourcecode.c.h; path = LYTPingLayout.h; sourceTree = "<group>"; };
		DEA33BF71E8507F000AE35F9 /* LYTPingLayout.m */ = {isa = PBXFileReference; fileEncoding = 4; lastKnownFileType = sourcecode.c.objc; path = LYTPingLayout.m; sourceTree = "<group>"; };
		DEA33BF81E8507F000AE35F9 /* LYTPingLayoutCell.h */ = {isa = PBXFileReference; fileEncoding = 4; lastKnownFileType = sourcecode.c.h; path = LYTPingLayoutCell.h; sourceTree = "<group>"; };
		DEA33BF91E8507F000AE35F9 /* LYTPingLayoutCell.m */ = {isa = PBXFileReference; fileEncoding = 4; lastKnownFileType = sourcecode.c.objc; path = LYTPingLayoutCell.m; sourceTree = "<group>"; };
		DEA33BFA1E8507F000AE35F9 /* LYTPingLayoutCell.xib */ = {isa = PBXFileReference; fileEncoding = 4; lastKnownFileType = file.xib; path = LYTPingLayoutCell.xib; sourceTree = "<group>"; };
		DEA33C061E85080300AE35F9 /* LYTWaterflowLayout.h */ = {isa = PBXFileReference; fileEncoding = 4; lastKnownFileType = sourcecode.c.h; path = LYTWaterflowLayout.h; sourceTree = "<group>"; };
		DEA33C071E85080300AE35F9 /* LYTWaterflowLayout.m */ = {isa = PBXFileReference; fileEncoding = 4; lastKnownFileType = sourcecode.c.objc; path = LYTWaterflowLayout.m; sourceTree = "<group>"; };
		DEA33C091E8522A400AE35F9 /* UIColor+Wonderful.m */ = {isa = PBXFileReference; fileEncoding = 4; lastKnownFileType = sourcecode.c.objc; path = "UIColor+Wonderful.m"; sourceTree = "<group>"; };
		DEA33C0C1E8522D800AE35F9 /* UIColor+Wonderful.h */ = {isa = PBXFileReference; lastKnownFileType = sourcecode.c.h; path = "UIColor+Wonderful.h"; sourceTree = "<group>"; };
		DEA33C0D1E8522F200AE35F9 /* UIColor+Separate.h */ = {isa = PBXFileReference; fileEncoding = 4; lastKnownFileType = sourcecode.c.h; path = "UIColor+Separate.h"; sourceTree = "<group>"; };
		DEA33C0E1E8522F200AE35F9 /* UIColor+Separate.m */ = {isa = PBXFileReference; fileEncoding = 4; lastKnownFileType = sourcecode.c.objc; path = "UIColor+Separate.m"; sourceTree = "<group>"; };
		DEA33C101E85265D00AE35F9 /* LYTColorRank.h */ = {isa = PBXFileReference; fileEncoding = 4; lastKnownFileType = sourcecode.c.h; path = LYTColorRank.h; sourceTree = "<group>"; };
		DEA33C111E85265D00AE35F9 /* LYTColorRank.m */ = {isa = PBXFileReference; fileEncoding = 4; lastKnownFileType = sourcecode.c.objc; path = LYTColorRank.m; sourceTree = "<group>"; };
/* End PBXFileReference section */

/* Begin PBXFrameworksBuildPhase section */
		DEA33BB51E835FDE00AE35F9 /* Frameworks */ = {
			isa = PBXFrameworksBuildPhase;
			buildActionMask = 2147483647;
			files = (
				DEA33BDE1E8368E100AE35F9 /* CoreTelephony.framework in Frameworks */,
				DEA33BDC1E8368D800AE35F9 /* libresolv.tbd in Frameworks */,
			);
			runOnlyForDeploymentPostprocessing = 0;
		};
/* End PBXFrameworksBuildPhase section */

/* Begin PBXGroup section */
		59F419E31E949B940080051F /* MainViewController */ = {
			isa = PBXGroup;
			children = (
				59F419E71E949BB30080051F /* View */,
				59F419E81E949BB30080051F /* Model */,
				59F419E41E949B940080051F /* MainViewController.h */,
				59F419E51E949B940080051F /* MainViewController.m */,
			);
			path = MainViewController;
			sourceTree = "<group>";
		};
		59F419E71E949BB30080051F /* View */ = {
			isa = PBXGroup;
			children = (
				59F419E91E949BE50080051F /* MainViewCell.h */,
				59F419EA1E949BE50080051F /* MainViewCell.m */,
				59F419EB1E949BE50080051F /* MainViewCell.xib */,
			);
			path = View;
			sourceTree = "<group>";
		};
		59F419E81E949BB30080051F /* Model */ = {
			isa = PBXGroup;
			children = (
				59F419EE1E949D4D0080051F /* MainViewModel.h */,
				59F419EF1E949D4D0080051F /* MainViewModel.m */,
			);
			path = Model;
			sourceTree = "<group>";
		};
		59F419F41E94A2470080051F /* MJExtension */ = {
			isa = PBXGroup;
			children = (
				59F419F51E94A2470080051F /* LICENSE */,
				59F419F61E94A2470080051F /* MJExtension */,
				59F41A0C1E94A2470080051F /* README.md */,
			);
			path = MJExtension;
			sourceTree = "<group>";
		};
		59F419F61E94A2470080051F /* MJExtension */ = {
			isa = PBXGroup;
			children = (
				59F419F71E94A2470080051F /* MJExtension.h */,
				59F419F81E94A2470080051F /* MJExtensionConst.h */,
				59F419F91E94A2470080051F /* MJExtensionConst.m */,
				59F419FA1E94A2470080051F /* MJFoundation.h */,
				59F419FB1E94A2470080051F /* MJFoundation.m */,
				59F419FC1E94A2470080051F /* MJProperty.h */,
				59F419FD1E94A2470080051F /* MJProperty.m */,
				59F419FE1E94A2470080051F /* MJPropertyKey.h */,
				59F419FF1E94A2470080051F /* MJPropertyKey.m */,
				59F41A001E94A2470080051F /* MJPropertyType.h */,
				59F41A011E94A2470080051F /* MJPropertyType.m */,
				59F41A021E94A2470080051F /* NSObject+MJClass.h */,
				59F41A031E94A2470080051F /* NSObject+MJClass.m */,
				59F41A041E94A2470080051F /* NSObject+MJCoding.h */,
				59F41A051E94A2470080051F /* NSObject+MJCoding.m */,
				59F41A061E94A2470080051F /* NSObject+MJKeyValue.h */,
				59F41A071E94A2470080051F /* NSObject+MJKeyValue.m */,
				59F41A081E94A2470080051F /* NSObject+MJProperty.h */,
				59F41A091E94A2470080051F /* NSObject+MJProperty.m */,
				59F41A0A1E94A2470080051F /* NSString+MJExtension.h */,
				59F41A0B1E94A2470080051F /* NSString+MJExtension.m */,
			);
			path = MJExtension;
			sourceTree = "<group>";
		};
		DE5CEB1A1E87A6DE001EFF7E /* subView */ = {
			isa = PBXGroup;
			children = (
				DE5CEB231E87B128001EFF7E /* UIView+Extension.h */,
				DE5CEB241E87B128001EFF7E /* UIView+Extension.m */,
				DE5CEB201E87A7AD001EFF7E /* LYTHomeLabelButton.h */,
				DE5CEB211E87A7AD001EFF7E /* LYTHomeLabelButton.m */,
				DE086A951E88EF37009E2F2B /* LYTPingViewController.h */,
				DE086A961E88EF37009E2F2B /* LYTPingViewController.m */,
				DE086A971E88EF37009E2F2B /* LYTPingViewController.xib */,
			);
			path = subView;
			sourceTree = "<group>";
		};
		DEA33BAF1E835FDE00AE35F9 = {
			isa = PBXGroup;
			children = (
				DEA33BBA1E835FDE00AE35F9 /* LYTNetDiagnose */,
				DEA33BB91E835FDE00AE35F9 /* Products */,
				DEA33BDA1E8368D800AE35F9 /* Frameworks */,
			);
			sourceTree = "<group>";
		};
		DEA33BB91E835FDE00AE35F9 /* Products */ = {
			isa = PBXGroup;
			children = (
				DEA33BB81E835FDE00AE35F9 /* LYTNetDiagnose.app */,
			);
			name = Products;
			sourceTree = "<group>";
		};
		DEA33BBA1E835FDE00AE35F9 /* LYTNetDiagnose */ = {
			isa = PBXGroup;
			children = (
				DEA33BD21E83600500AE35F9 /* LYTNetDiagnoser */,
				DEA33BBE1E835FDE00AE35F9 /* AppDelegate.h */,
				DEA33BBF1E835FDE00AE35F9 /* AppDelegate.m */,
				59F419F11E949E300080051F /* LYTConfig.h */,
				59F419F21E949E300080051F /* LYTConfig.m */,
				59F419F41E94A2470080051F /* MJExtension */,
				59F419E31E949B940080051F /* MainViewController */,
				DEA33BC41E835FDE00AE35F9 /* Main.storyboard */,
				DEA33BC71E835FDE00AE35F9 /* Assets.xcassets */,
				DEA33BC91E835FDE00AE35F9 /* LaunchScreen.storyboard */,
				DEA33BCC1E835FDE00AE35F9 /* Info.plist */,
				DEA33BBB1E835FDE00AE35F9 /* Supporting Files */,
			);
			path = LYTNetDiagnose;
			sourceTree = "<group>";
		};
		DEA33BBB1E835FDE00AE35F9 /* Supporting Files */ = {
			isa = PBXGroup;
			children = (
				DEA33BBC1E835FDE00AE35F9 /* main.m */,
			);
			name = "Supporting Files";
			sourceTree = "<group>";
		};
		DEA33BD21E83600500AE35F9 /* LYTNetDiagnoser */ = {
			isa = PBXGroup;
			children = (
				DEA33BF11E85078900AE35F9 /* PingViewController */,
				DEA33BD31E83601800AE35F9 /* LYTNetDiagnoser.h */,
				DEA33BD41E83601800AE35F9 /* LYTNetDiagnoser.m */,
				DEA33BD61E83687700AE35F9 /* LYTNetGetAddress.h */,
				DEA33BD71E83687700AE35F9 /* LYTNetGetAddress.m */,
				DEA33BD91E83689F00AE35F9 /* LYTRoute.h */,
				DEA33BDF1E836FAE00AE35F9 /* LYTNetWorkReqestTool.h */,
				DEA33BE01E836FAE00AE35F9 /* LYTNetWorkReqestTool.m */,
				DEA33BE21E83810400AE35F9 /* LYTNetInfo.h */,
				DEA33BE31E83810400AE35F9 /* LYTNetInfo.m */,
				DEA33BE51E83D77500AE35F9 /* LYTNetTimer.h */,
				DEA33BE61E83D77500AE35F9 /* LYTNetTimer.m */,
				DEA33BE81E83DA9100AE35F9 /* LYTPingInfo.h */,
				DEA33BE91E83DA9100AE35F9 /* LYTPingInfo.m */,
				DEA33BEB1E84C5BD00AE35F9 /* LYTNetPing.h */,
				DEA33BEC1E84C5BD00AE35F9 /* LYTNetPing.m */,
				DEA33BEE1E84C5C600AE35F9 /* LYTSimplePing.h */,
				DEA33BEF1E84C5C600AE35F9 /* LYTSimplePing.m */,
				DEA33C101E85265D00AE35F9 /* LYTColorRank.h */,
				DEA33C111E85265D00AE35F9 /* LYTColorRank.m */,
			);
			path = LYTNetDiagnoser;
			sourceTree = "<group>";
		};
		DEA33BDA1E8368D800AE35F9 /* Frameworks */ = {
			isa = PBXGroup;
			children = (
				DEA33BDD1E8368E100AE35F9 /* CoreTelephony.framework */,
				DEA33BDB1E8368D800AE35F9 /* libresolv.tbd */,
			);
			name = Frameworks;
			sourceTree = "<group>";
		};
		DEA33BF11E85078900AE35F9 /* PingViewController */ = {
			isa = PBXGroup;
			children = (
				DE5CEB1A1E87A6DE001EFF7E /* subView */,
				DEA33C051E85080300AE35F9 /* Waterflow */,
				DEA33BF51E8507F000AE35F9 /* Shop */,
				DEA33BF21E85079500AE35F9 /* LYTWaterflowViewController.h */,
				DEA33BF31E85079500AE35F9 /* LYTWaterflowViewController.m */,
			);
			path = PingViewController;
			sourceTree = "<group>";
		};
		DEA33BF51E8507F000AE35F9 /* Shop */ = {
			isa = PBXGroup;
			children = (
				DEA33BF61E8507F000AE35F9 /* LYTPingLayout.h */,
				DEA33BF71E8507F000AE35F9 /* LYTPingLayout.m */,
				DEA33BF81E8507F000AE35F9 /* LYTPingLayoutCell.h */,
				DEA33BF91E8507F000AE35F9 /* LYTPingLayoutCell.m */,
				DEA33BFA1E8507F000AE35F9 /* LYTPingLayoutCell.xib */,
			);
			path = Shop;
			sourceTree = "<group>";
		};
		DEA33C051E85080300AE35F9 /* Waterflow */ = {
			isa = PBXGroup;
			children = (
				DEA33C0D1E8522F200AE35F9 /* UIColor+Separate.h */,
				DEA33C0E1E8522F200AE35F9 /* UIColor+Separate.m */,
				DEA33C0C1E8522D800AE35F9 /* UIColor+Wonderful.h */,
				DEA33C091E8522A400AE35F9 /* UIColor+Wonderful.m */,
				DEA33C061E85080300AE35F9 /* LYTWaterflowLayout.h */,
				DEA33C071E85080300AE35F9 /* LYTWaterflowLayout.m */,
			);
			path = Waterflow;
			sourceTree = "<group>";
		};
/* End PBXGroup section */

/* Begin PBXNativeTarget section */
		DEA33BB71E835FDE00AE35F9 /* LYTNetDiagnose */ = {
			isa = PBXNativeTarget;
			buildConfigurationList = DEA33BCF1E835FDE00AE35F9 /* Build configuration list for PBXNativeTarget "LYTNetDiagnose" */;
			buildPhases = (
				DEA33BB41E835FDE00AE35F9 /* Sources */,
				DEA33BB51E835FDE00AE35F9 /* Frameworks */,
				DEA33BB61E835FDE00AE35F9 /* Resources */,
			);
			buildRules = (
			);
			dependencies = (
			);
			name = LYTNetDiagnose;
			productName = LYTNetDiagnose;
			productReference = DEA33BB81E835FDE00AE35F9 /* LYTNetDiagnose.app */;
			productType = "com.apple.product-type.application";
		};
/* End PBXNativeTarget section */

/* Begin PBXProject section */
		DEA33BB01E835FDE00AE35F9 /* Project object */ = {
			isa = PBXProject;
			attributes = {
				LastUpgradeCheck = 0820;
				ORGANIZATIONNAME = Vieene;
				TargetAttributes = {
					DEA33BB71E835FDE00AE35F9 = {
						CreatedOnToolsVersion = 8.2.1;
						DevelopmentTeam = QDH66RGJXX;
						ProvisioningStyle = Automatic;
					};
				};
			};
			buildConfigurationList = DEA33BB31E835FDE00AE35F9 /* Build configuration list for PBXProject "LYTNetDiagnose" */;
			compatibilityVersion = "Xcode 3.2";
			developmentRegion = English;
			hasScannedForEncodings = 0;
			knownRegions = (
				en,
				Base,
			);
			mainGroup = DEA33BAF1E835FDE00AE35F9;
			productRefGroup = DEA33BB91E835FDE00AE35F9 /* Products */;
			projectDirPath = "";
			projectRoot = "";
			targets = (
				DEA33BB71E835FDE00AE35F9 /* LYTNetDiagnose */,
			);
		};
/* End PBXProject section */

/* Begin PBXResourcesBuildPhase section */
		DEA33BB61E835FDE00AE35F9 /* Resources */ = {
			isa = PBXResourcesBuildPhase;
			buildActionMask = 2147483647;
			files = (
				DEA33BFD1E8507F000AE35F9 /* LYTPingLayoutCell.xib in Resources */,
				59F419ED1E949BE50080051F /* MainViewCell.xib in Resources */,
				DEA33BCB1E835FDE00AE35F9 /* LaunchScreen.storyboard in Resources */,
				59F41A0D1E94A2470080051F /* LICENSE in Resources */,
				DEA33BC81E835FDE00AE35F9 /* Assets.xcassets in Resources */,
				DEA33BC61E835FDE00AE35F9 /* Main.storyboard in Resources */,
				DE086A991E88EF37009E2F2B /* LYTPingViewController.xib in Resources */,
			);
			runOnlyForDeploymentPostprocessing = 0;
		};
/* End PBXResourcesBuildPhase section */

/* Begin PBXSourcesBuildPhase section */
		DEA33BB41E835FDE00AE35F9 /* Sources */ = {
			isa = PBXSourcesBuildPhase;
			buildActionMask = 2147483647;
			files = (
				DEA33BE11E836FAE00AE35F9 /* LYTNetWorkReqestTool.m in Sources */,
				DEA33BEA1E83DA9100AE35F9 /* LYTPingInfo.m in Sources */,
				DE5CEB221E87A7AD001EFF7E /* LYTHomeLabelButton.m in Sources */,
				59F41A131E94A2470080051F /* NSObject+MJClass.m in Sources */,
				DE5CEB251E87B128001EFF7E /* UIView+Extension.m in Sources */,
				59F419E61E949B940080051F /* MainViewController.m in Sources */,
				DEA33BD51E83601800AE35F9 /* LYTNetDiagnoser.m in Sources */,
				DEA33C0F1E8522F200AE35F9 /* UIColor+Separate.m in Sources */,
				59F41A0F1E94A2470080051F /* MJFoundation.m in Sources */,
				DE086A981E88EF37009E2F2B /* LYTPingViewController.m in Sources */,
				DEA33BF01E84C5C600AE35F9 /* LYTSimplePing.m in Sources */,
				DEA33C081E85080300AE35F9 /* LYTWaterflowLayout.m in Sources */,
				DEA33BFB1E8507F000AE35F9 /* LYTPingLayout.m in Sources */,
				59F41A161E94A2470080051F /* NSObject+MJProperty.m in Sources */,
				59F41A171E94A2470080051F /* NSString+MJExtension.m in Sources */,
				DEA33BED1E84C5BD00AE35F9 /* LYTNetPing.m in Sources */,
				DEA33BFC1E8507F000AE35F9 /* LYTPingLayoutCell.m in Sources */,
				59F41A181E94A2470080051F /* README.md in Sources */,
				DEA33BC01E835FDE00AE35F9 /* AppDelegate.m in Sources */,
				59F41A151E94A2470080051F /* NSObject+MJKeyValue.m in Sources */,
				59F41A111E94A2470080051F /* MJPropertyKey.m in Sources */,
				59F41A121E94A2470080051F /* MJPropertyType.m in Sources */,
				DEA33BE41E83810400AE35F9 /* LYTNetInfo.m in Sources */,
				59F419EC1E949BE50080051F /* MainViewCell.m in Sources */,
				DEA33BD81E83687700AE35F9 /* LYTNetGetAddress.m in Sources */,
				DEA33C0B1E8522A400AE35F9 /* UIColor+Wonderful.m in Sources */,
				59F41A141E94A2470080051F /* NSObject+MJCoding.m in Sources */,
				DEA33BBD1E835FDE00AE35F9 /* main.m in Sources */,
				59F419F01E949D4D0080051F /* MainViewModel.m in Sources */,
				DEA33C121E85265D00AE35F9 /* LYTColorRank.m in Sources */,
				59F41A101E94A2470080051F /* MJProperty.m in Sources */,
				59F41A0E1E94A2470080051F /* MJExtensionConst.m in Sources */,
				59F419F31E949E300080051F /* LYTConfig.m in Sources */,
				DEA33BE71E83D77500AE35F9 /* LYTNetTimer.m in Sources */,
				DEA33BF41E85079500AE35F9 /* LYTWaterflowViewController.m in Sources */,
			);
			runOnlyForDeploymentPostprocessing = 0;
		};
/* End PBXSourcesBuildPhase section */

/* Begin PBXVariantGroup section */
		DEA33BC41E835FDE00AE35F9 /* Main.storyboard */ = {
			isa = PBXVariantGroup;
			children = (
				DEA33BC51E835FDE00AE35F9 /* Base */,
			);
			name = Main.storyboard;
			sourceTree = "<group>";
		};
		DEA33BC91E835FDE00AE35F9 /* LaunchScreen.storyboard */ = {
			isa = PBXVariantGroup;
			children = (
				DEA33BCA1E835FDE00AE35F9 /* Base */,
			);
			name = LaunchScreen.storyboard;
			sourceTree = "<group>";
		};
/* End PBXVariantGroup section */

/* Begin XCBuildConfiguration section */
		DEA33BCD1E835FDE00AE35F9 /* Debug */ = {
			isa = XCBuildConfiguration;
			buildSettings = {
				ALWAYS_SEARCH_USER_PATHS = NO;
				CLANG_ANALYZER_NONNULL = YES;
				CLANG_CXX_LANGUAGE_STANDARD = "gnu++0x";
				CLANG_CXX_LIBRARY = "libc++";
				CLANG_ENABLE_MODULES = YES;
				CLANG_ENABLE_OBJC_ARC = YES;
				CLANG_WARN_BOOL_CONVERSION = YES;
				CLANG_WARN_CONSTANT_CONVERSION = YES;
				CLANG_WARN_DIRECT_OBJC_ISA_USAGE = YES_ERROR;
				CLANG_WARN_DOCUMENTATION_COMMENTS = YES;
				CLANG_WARN_EMPTY_BODY = YES;
				CLANG_WARN_ENUM_CONVERSION = YES;
				CLANG_WARN_INFINITE_RECURSION = YES;
				CLANG_WARN_INT_CONVERSION = YES;
				CLANG_WARN_OBJC_ROOT_CLASS = YES_ERROR;
				CLANG_WARN_SUSPICIOUS_MOVE = YES;
				CLANG_WARN_UNREACHABLE_CODE = YES;
				CLANG_WARN__DUPLICATE_METHOD_MATCH = YES;
				"CODE_SIGN_IDENTITY[sdk=iphoneos*]" = "iPhone Developer";
				COPY_PHASE_STRIP = NO;
				DEBUG_INFORMATION_FORMAT = dwarf;
				ENABLE_STRICT_OBJC_MSGSEND = YES;
				ENABLE_TESTABILITY = YES;
				GCC_C_LANGUAGE_STANDARD = gnu99;
				GCC_DYNAMIC_NO_PIC = NO;
				GCC_NO_COMMON_BLOCKS = YES;
				GCC_OPTIMIZATION_LEVEL = 0;
				GCC_PREPROCESSOR_DEFINITIONS = (
					"DEBUG=1",
					"$(inherited)",
				);
				GCC_WARN_64_TO_32_BIT_CONVERSION = YES;
				GCC_WARN_ABOUT_RETURN_TYPE = YES_ERROR;
				GCC_WARN_UNDECLARED_SELECTOR = YES;
				GCC_WARN_UNINITIALIZED_AUTOS = YES_AGGRESSIVE;
				GCC_WARN_UNUSED_FUNCTION = YES;
				GCC_WARN_UNUSED_VARIABLE = YES;
				IPHONEOS_DEPLOYMENT_TARGET = 10.2;
				MTL_ENABLE_DEBUG_INFO = YES;
				ONLY_ACTIVE_ARCH = YES;
				SDKROOT = iphoneos;
			};
			name = Debug;
		};
		DEA33BCE1E835FDE00AE35F9 /* Release */ = {
			isa = XCBuildConfiguration;
			buildSettings = {
				ALWAYS_SEARCH_USER_PATHS = NO;
				CLANG_ANALYZER_NONNULL = YES;
				CLANG_CXX_LANGUAGE_STANDARD = "gnu++0x";
				CLANG_CXX_LIBRARY = "libc++";
				CLANG_ENABLE_MODULES = YES;
				CLANG_ENABLE_OBJC_ARC = YES;
				CLANG_WARN_BOOL_CONVERSION = YES;
				CLANG_WARN_CONSTANT_CONVERSION = YES;
				CLANG_WARN_DIRECT_OBJC_ISA_USAGE = YES_ERROR;
				CLANG_WARN_DOCUMENTATION_COMMENTS = YES;
				CLANG_WARN_EMPTY_BODY = YES;
				CLANG_WARN_ENUM_CONVERSION = YES;
				CLANG_WARN_INFINITE_RECURSION = YES;
				CLANG_WARN_INT_CONVERSION = YES;
				CLANG_WARN_OBJC_ROOT_CLASS = YES_ERROR;
				CLANG_WARN_SUSPICIOUS_MOVE = YES;
				CLANG_WARN_UNREACHABLE_CODE = YES;
				CLANG_WARN__DUPLICATE_METHOD_MATCH = YES;
				"CODE_SIGN_IDENTITY[sdk=iphoneos*]" = "iPhone Developer";
				COPY_PHASE_STRIP = NO;
				DEBUG_INFORMATION_FORMAT = "dwarf-with-dsym";
				ENABLE_NS_ASSERTIONS = NO;
				ENABLE_STRICT_OBJC_MSGSEND = YES;
				GCC_C_LANGUAGE_STANDARD = gnu99;
				GCC_NO_COMMON_BLOCKS = YES;
				GCC_WARN_64_TO_32_BIT_CONVERSION = YES;
				GCC_WARN_ABOUT_RETURN_TYPE = YES_ERROR;
				GCC_WARN_UNDECLARED_SELECTOR = YES;
				GCC_WARN_UNINITIALIZED_AUTOS = YES_AGGRESSIVE;
				GCC_WARN_UNUSED_FUNCTION = YES;
				GCC_WARN_UNUSED_VARIABLE = YES;
				IPHONEOS_DEPLOYMENT_TARGET = 10.2;
				MTL_ENABLE_DEBUG_INFO = NO;
				SDKROOT = iphoneos;
				VALIDATE_PRODUCT = YES;
			};
			name = Release;
		};
		DEA33BD01E835FDE00AE35F9 /* Debug */ = {
			isa = XCBuildConfiguration;
			buildSettings = {
				ASSETCATALOG_COMPILER_APPICON_NAME = AppIcon;
				DEVELOPMENT_TEAM = QDH66RGJXX;
				INFOPLIST_FILE = LYTNetDiagnose/Info.plist;
				LD_RUNPATH_SEARCH_PATHS = "$(inherited) @executable_path/Frameworks";
				PRODUCT_BUNDLE_IDENTIFIER = hhly.LYTNetDiagnose;
				PRODUCT_NAME = "$(TARGET_NAME)";
			};
			name = Debug;
		};
		DEA33BD11E835FDE00AE35F9 /* Release */ = {
			isa = XCBuildConfiguration;
			buildSettings = {
				ASSETCATALOG_COMPILER_APPICON_NAME = AppIcon;
				DEVELOPMENT_TEAM = QDH66RGJXX;
				INFOPLIST_FILE = LYTNetDiagnose/Info.plist;
				LD_RUNPATH_SEARCH_PATHS = "$(inherited) @executable_path/Frameworks";
				PRODUCT_BUNDLE_IDENTIFIER = hhly.LYTNetDiagnose;
				PRODUCT_NAME = "$(TARGET_NAME)";
			};
			name = Release;
		};
/* End XCBuildConfiguration section */

/* Begin XCConfigurationList section */
		DEA33BB31E835FDE00AE35F9 /* Build configuration list for PBXProject "LYTNetDiagnose" */ = {
			isa = XCConfigurationList;
			buildConfigurations = (
				DEA33BCD1E835FDE00AE35F9 /* Debug */,
				DEA33BCE1E835FDE00AE35F9 /* Release */,
			);
			defaultConfigurationIsVisible = 0;
			defaultConfigurationName = Release;
		};
		DEA33BCF1E835FDE00AE35F9 /* Build configuration list for PBXNativeTarget "LYTNetDiagnose" */ = {
			isa = XCConfigurationList;
			buildConfigurations = (
				DEA33BD01E835FDE00AE35F9 /* Debug */,
				DEA33BD11E835FDE00AE35F9 /* Release */,
			);
			defaultConfigurationIsVisible = 0;
			defaultConfigurationName = Release;
		};
/* End XCConfigurationList section */
	};
	rootObject = DEA33BB01E835FDE00AE35F9 /* Project object */;
}
